# THIS IS AN AUTOGENERATED FILE. DO NOT EDIT THIS FILE DIRECTLY.
# yarn lockfile v1


"@ant-design/colors@^5.0.0":
  version "5.0.0"
  resolved "https://registry.npm.taobao.org/@ant-design/colors/download/@ant-design/colors-5.0.0.tgz#46b73b4cc6935b35fc8b84555e8e42c8cfc190e6"
  integrity sha1-Rrc7TMaTWzX8i4RVXo5CyM/BkOY=
  dependencies:
    "@ctrl/tinycolor" "^3.1.6"

"@ant-design/css-animation@^1.7.2":
  version "1.7.3"
  resolved "https://registry.npm.taobao.org/@ant-design/css-animation/download/@ant-design/css-animation-1.7.3.tgz#60a1c970014e86b28f940510d69e503e428f1136"
  integrity sha1-YKHJcAFOhrKPlAUQ1p5QPkKPETY=

"@ant-design/icons-svg@^4.0.0":
  version "4.1.0"
  resolved "https://registry.npm.taobao.org/@ant-design/icons-svg/download/@ant-design/icons-svg-4.1.0.tgz#480b025f4b20ef7fe8f47d4a4846e4fee84ea06c"
  integrity sha1-SAsCX0sg73/o9H1KSEbk/uhOoGw=

"@ant-design/icons@^4.2.2", "@ant-design/icons@^4.3.0":
  version "4.3.0"
  resolved "https://registry.npm.taobao.org/@ant-design/icons/download/@ant-design/icons-4.3.0.tgz#420e0cd527486c0fe57f81310d681950fc4cfacf"
  integrity sha1-Qg4M1SdIbA/lf4ExDWgZUPxM+s8=
  dependencies:
    "@ant-design/colors" "^5.0.0"
    "@ant-design/icons-svg" "^4.0.0"
    "@babel/runtime" "^7.11.2"
    classnames "^2.2.6"
    insert-css "^2.0.0"
    rc-util "^5.0.1"

"@ant-design/react-slick@~0.27.0":
  version "0.27.14"
  resolved "https://registry.npm.taobao.org/@ant-design/react-slick/download/@ant-design/react-slick-0.27.14.tgz?cache=0&sync_timestamp=1605582622428&other_urls=https%3A%2F%2Fregistry.npm.taobao.org%2F%40ant-design%2Freact-slick%2Fdownload%2F%40ant-design%2Freact-slick-0.27.14.tgz#a1082c4734e57c7ba9c41d035375f5bf577f3b5e"
  integrity sha1-oQgsRzTlfHupxB0DU3X1v1d/O14=
  dependencies:
    "@babel/runtime" "^7.10.4"
    classnames "^2.2.5"
    json2mq "^0.2.0"
    lodash "^4.17.15"
    resize-observer-polyfill "^1.5.0"

"@babel/runtime@^7.10.1", "@babel/runtime@^7.10.2", "@babel/runtime@^7.10.4", "@babel/runtime@^7.11.1", "@babel/runtime@^7.11.2", "@babel/runtime@^7.8.4":
  version "7.12.5"
  resolved "https://registry.npm.taobao.org/@babel/runtime/download/@babel/runtime-7.12.5.tgz?cache=0&sync_timestamp=1604443606981&other_urls=https%3A%2F%2Fregistry.npm.taobao.org%2F%40babel%2Fruntime%2Fdownload%2F%40babel%2Fruntime-7.12.5.tgz#410e7e487441e1b360c29be715d870d9b985882e"
  integrity sha1-QQ5+SHRB4bNgwpvnFdhw2bmFiC4=
  dependencies:
    regenerator-runtime "^0.13.4"

"@ctrl/tinycolor@^3.1.6":
  version "3.1.7"
  resolved "https://registry.npm.taobao.org/@ctrl/tinycolor/download/@ctrl/tinycolor-3.1.7.tgz?cache=0&sync_timestamp=1605289300537&other_urls=https%3A%2F%2Fregistry.npm.taobao.org%2F%40ctrl%2Ftinycolor%2Fdownload%2F%40ctrl%2Ftinycolor-3.1.7.tgz#1585f67629882002a9f8e15a2941c9a4321bf80c"
  integrity sha1-FYX2dimIIAKp+OFaKUHJpDIb+Aw=

"@types/prop-types@*":
  version "15.7.3"
  resolved "https://registry.npm.taobao.org/@types/prop-types/download/@types/prop-types-15.7.3.tgz?cache=0&sync_timestamp=1605055213103&other_urls=https%3A%2F%2Fregistry.npm.taobao.org%2F%40types%2Fprop-types%2Fdownload%2F%40types%2Fprop-types-15.7.3.tgz#2ab0d5da2e5815f94b0b9d4b95d1e5f243ab2ca7"
  integrity sha1-KrDV2i5YFflLC51LldHl8kOrLKc=

"@types/react-dom@^16.9.9":
  version "16.9.9"
  resolved "https://registry.npm.taobao.org/@types/react-dom/download/@types/react-dom-16.9.9.tgz#d2d0a6f720a0206369ccbefff752ba37b9583136"
  integrity sha1-0tCm9yCgIGNpzL7/91K6N7lYMTY=
  dependencies:
    "@types/react" "*"

"@types/react@*", "@types/react@^16.9.56":
  version "16.9.56"
  resolved "https://registry.npm.taobao.org/@types/react/download/@types/react-16.9.56.tgz#ea25847b53c5bec064933095fc366b1462e2adf0"
  integrity sha1-6iWEe1PFvsBkkzCV/DZrFGLirfA=
  dependencies:
    "@types/prop-types" "*"
    csstype "^3.0.2"

add-dom-event-listener@^1.1.0:
  version "1.1.0"
  resolved "https://registry.npm.taobao.org/add-dom-event-listener/download/add-dom-event-listener-1.1.0.tgz#6a92db3a0dd0abc254e095c0f1dc14acbbaae310"
  integrity sha1-apLbOg3Qq8JU4JXA8dwUrLuq4xA=
  dependencies:
    object-assign "4.x"

antd@^4.8.4:
  version "4.8.4"
  resolved "https://registry.npm.taobao.org/antd/download/antd-4.8.4.tgz#48fbf35948eb44ce74263a6c7f9db70c312a3c2d"
  integrity sha1-SPvzWUjrRM50Jjpsf523DDEqPC0=
  dependencies:
    "@ant-design/colors" "^5.0.0"
    "@ant-design/css-animation" "^1.7.2"
    "@ant-design/icons" "^4.3.0"
    "@ant-design/react-slick" "~0.27.0"
    "@babel/runtime" "^7.11.2"
    array-tree-filter "^2.1.0"
    classnames "^2.2.6"
    copy-to-clipboard "^3.2.0"
    lodash "^4.17.20"
    moment "^2.25.3"
    omit.js "^2.0.2"
    raf "^3.4.1"
    rc-animate "~3.1.0"
    rc-cascader "~1.4.0"
    rc-checkbox "~2.3.0"
    rc-collapse "~2.0.0"
    rc-dialog "~8.4.0"
    rc-drawer "~4.1.0"
    rc-dropdown "~3.2.0"
    rc-field-form "~1.15.0"
    rc-image "~4.0.0"
    rc-input-number "~6.1.0"
    rc-mentions "~1.5.0"
    rc-menu "~8.10.0"
    rc-motion "^2.2.0"
    rc-notification "~4.5.2"
    rc-pagination "~3.1.0"
    rc-picker "~2.3.0"
    rc-progress "~3.1.0"
    rc-rate "~2.9.0"
    rc-resize-observer "^0.2.3"
    rc-select "~11.4.0"
    rc-slider "~9.6.1"
    rc-steps "~4.1.0"
    rc-switch "~3.2.0"
    rc-table "~7.11.0"
    rc-tabs "~11.7.0"
    rc-textarea "~0.3.0"
    rc-tooltip "~5.0.0"
    rc-tree "~3.11.0"
    rc-tree-select "~4.1.1"
    rc-upload "~3.3.1"
    rc-util "^5.1.0"
    scroll-into-view-if-needed "^2.2.25"
    warning "^4.0.3"

arg@^4.1.0:
  version "4.1.3"
  resolved "https://registry.npm.taobao.org/arg/download/arg-4.1.3.tgz?cache=0&sync_timestamp=1605575041404&other_urls=https%3A%2F%2Fregistry.npm.taobao.org%2Farg%2Fdownload%2Farg-4.1.3.tgz#269fc7ad5b8e42cb63c896d5666017261c144089"
  integrity sha1-Jp/HrVuOQstjyJbVZmAXJhwUQIk=

array-tree-filter@^2.1.0:
  version "2.1.0"
  resolved "https://registry.npm.taobao.org/array-tree-filter/download/array-tree-filter-2.1.0.tgz#873ac00fec83749f255ac8dd083814b4f6329190"
  integrity sha1-hzrAD+yDdJ8lWsjdCDgUtPYykZA=

async-validator@^3.0.3:
  version "3.5.0"
  resolved "https://registry.npm.taobao.org/async-validator/download/async-validator-3.5.0.tgz?cache=0&sync_timestamp=1605173638351&other_urls=https%3A%2F%2Fregistry.npm.taobao.org%2Fasync-validator%2Fdownload%2Fasync-validator-3.5.0.tgz#f6791ee7217cde8036941591bc3754f7c26bbf89"
  integrity sha1-9nke5yF83oA2lBWRvDdU98Jrv4k=

buffer-from@^1.0.0:
  version "1.1.1"
  resolved "https://registry.npm.taobao.org/buffer-from/download/buffer-from-1.1.1.tgz#32713bc028f75c02fdb710d7c7bcec1f2c6070ef"
  integrity sha1-MnE7wCj3XAL9txDXx7zsHyxgcO8=

classnames@2.x, classnames@^2.2.1, classnames@^2.2.3, classnames@^2.2.5, classnames@^2.2.6:
  version "2.2.6"
  resolved "https://registry.npm.taobao.org/classnames/download/classnames-2.2.6.tgz#43935bffdd291f326dad0a205309b38d00f650ce"
  integrity sha1-Q5Nb/90pHzJtrQogUwmzjQD2UM4=

compute-scroll-into-view@^1.0.16:
  version "1.0.16"
  resolved "https://registry.npm.taobao.org/compute-scroll-into-view/download/compute-scroll-into-view-1.0.16.tgz#5b7bf4f7127ea2c19b750353d7ce6776a90ee088"
  integrity sha1-W3v09xJ+osGbdQNT185ndqkO4Ig=

copy-to-clipboard@^3.2.0:
  version "3.3.1"
  resolved "https://registry.npm.taobao.org/copy-to-clipboard/download/copy-to-clipboard-3.3.1.tgz#115aa1a9998ffab6196f93076ad6da3b913662ae"
  integrity sha1-EVqhqZmP+rYZb5MHatbaO5E2Yq4=
  dependencies:
    toggle-selection "^1.0.6"

csstype@^3.0.2:
  version "3.0.5"
  resolved "https://registry.npm.taobao.org/csstype/download/csstype-3.0.5.tgz?cache=0&sync_timestamp=1605258867356&other_urls=https%3A%2F%2Fregistry.npm.taobao.org%2Fcsstype%2Fdownload%2Fcsstype-3.0.5.tgz#7fdec6a28a67ae18647c51668a9ff95bb2fa7bb8"
  integrity sha1-f97GoopnrhhkfFFmip/5W7L6e7g=

date-fns@^2.15.0:
  version "2.16.1"
  resolved "https://registry.npm.taobao.org/date-fns/download/date-fns-2.16.1.tgz#05775792c3f3331da812af253e1a935851d3834b"
  integrity sha1-BXdXksPzMx2oEq8lPhqTWFHTg0s=

dayjs@^1.8.30:
  version "1.9.6"
  resolved "https://registry.npm.taobao.org/dayjs/download/dayjs-1.9.6.tgz#6f0c77d76ac1ff63720dd1197e5cb87b67943d70"
  integrity sha1-bwx312rB/2NyDdEZfly4e2eUPXA=

diff@^4.0.1:
  version "4.0.2"
  resolved "https://registry.npm.taobao.org/diff/download/diff-4.0.2.tgz?cache=0&other_urls=https%3A%2F%2Fregistry.npm.taobao.org%2Fdiff%2Fdownload%2Fdiff-4.0.2.tgz#60f3aecb89d5fae520c11aa19efc2bb982aade7d"
  integrity sha1-YPOuy4nV+uUgwRqhnvwruYKq3n0=

dom-align@^1.7.0:
  version "1.12.0"
  resolved "https://registry.npm.taobao.org/dom-align/download/dom-align-1.12.0.tgz#56fb7156df0b91099830364d2d48f88963f5a29c"
  integrity sha1-VvtxVt8LkQmYMDZNLUj4iWP1opw=

hoist-non-react-statics@^3.3.2:
  version "3.3.2"
  resolved "https://registry.npm.taobao.org/hoist-non-react-statics/download/hoist-non-react-statics-3.3.2.tgz#ece0acaf71d62c2969c2ec59feff42a4b1a85b45"
  integrity sha1-7OCsr3HWLClpwuxZ/v9CpLGoW0U=
  dependencies:
    react-is "^16.7.0"

insert-css@^2.0.0:
  version "2.0.0"
  resolved "https://registry.npm.taobao.org/insert-css/download/insert-css-2.0.0.tgz#eb5d1097b7542f4c79ea3060d3aee07d053880f4"
  integrity sha1-610Ql7dUL0x56jBg067gfQU4gPQ=

"js-tokens@^3.0.0 || ^4.0.0":
  version "4.0.0"
  resolved "https://registry.npm.taobao.org/js-tokens/download/js-tokens-4.0.0.tgz#19203fb59991df98e3a287050d4647cdeaf32499"
  integrity sha1-GSA/tZmR35jjoocFDUZHzerzJJk=

json2mq@^0.2.0:
  version "0.2.0"
  resolved "https://registry.npm.taobao.org/json2mq/download/json2mq-0.2.0.tgz#b637bd3ba9eabe122c83e9720483aeb10d2c904a"
  integrity sha1-tje9O6nqvhIsg+lyBIOusQ0skEo=
  dependencies:
    string-convert "^0.2.0"

lodash@^4.17.15, lodash@^4.17.20:
  version "4.17.20"
  resolved "https://registry.npm.taobao.org/lodash/download/lodash-4.17.20.tgz#b44a9b6297bcb698f1c51a3545a2b3b368d59c52"
  integrity sha1-tEqbYpe8tpjxxRo1RaKzs2jVnFI=

loose-envify@^1.0.0, loose-envify@^1.1.0, loose-envify@^1.4.0:
  version "1.4.0"
  resolved "https://registry.npm.taobao.org/loose-envify/download/loose-envify-1.4.0.tgz#71ee51fa7be4caec1a63839f7e682d8132d30caf"
  integrity sha1-ce5R+nvkyuwaY4OffmgtgTLTDK8=
  dependencies:
    js-tokens "^3.0.0 || ^4.0.0"

make-error@^1.1.1:
  version "1.3.6"
  resolved "https://registry.npm.taobao.org/make-error/download/make-error-1.3.6.tgz#2eb2e37ea9b67c4891f684a1394799af484cf7a2"
  integrity sha1-LrLjfqm2fEiR9oShOUeZr0hM96I=

mini-store@^3.0.1:
  version "3.0.6"
  resolved "https://registry.npm.taobao.org/mini-store/download/mini-store-3.0.6.tgz#44b86be5b2877271224ce0689b3a35a2dffb1ca9"
  integrity sha1-RLhr5bKHcnEiTOBomzo1ot/7HKk=
  dependencies:
    hoist-non-react-statics "^3.3.2"
    shallowequal "^1.0.2"

moment@^2.24.0, moment@^2.25.3:
  version "2.29.1"
  resolved "https://registry.npm.taobao.org/moment/download/moment-2.29.1.tgz?cache=0&sync_timestamp=1601983320283&other_urls=https%3A%2F%2Fregistry.npm.taobao.org%2Fmoment%2Fdownload%2Fmoment-2.29.1.tgz#b2be769fa31940be9eeea6469c075e35006fa3d3"
  integrity sha1-sr52n6MZQL6e7qZGnAdeNQBvo9M=

object-assign@4.x, object-assign@^4.1.1:
  version "4.1.1"
  resolved "https://registry.npm.taobao.org/object-assign/download/object-assign-4.1.1.tgz#2109adc7965887cfc05cbbd442cac8bfbb360863"
  integrity sha1-IQmtx5ZYh8/AXLvUQsrIv7s2CGM=

omit.js@^2.0.0, omit.js@^2.0.2:
  version "2.0.2"
  resolved "https://registry.npm.taobao.org/omit.js/download/omit.js-2.0.2.tgz#dd9b8436fab947a5f3ff214cb2538631e313ec2f"
  integrity sha1-3ZuENvq5R6Xz/yFMslOGMeMT7C8=

performance-now@^2.1.0:
  version "2.1.0"
  resolved "https://registry.npm.taobao.org/performance-now/download/performance-now-2.1.0.tgz#6309f4e0e5fa913ec1c69307ae364b4b377c9e7b"
  integrity sha1-Ywn04OX6kT7BxpMHrjZLSzd8nns=

prop-types@^15.5.10:
  version "15.7.2"
  resolved "https://registry.npm.taobao.org/prop-types/download/prop-types-15.7.2.tgz#52c41e75b8c87e72b9d9360e0206b99dcbffa6c5"
  integrity sha1-UsQedbjIfnK52TYOAga5ncv/psU=
  dependencies:
    loose-envify "^1.4.0"
    object-assign "^4.1.1"
    react-is "^16.8.1"

raf@^3.4.0, raf@^3.4.1:
  version "3.4.1"
  resolved "https://registry.npm.taobao.org/raf/download/raf-3.4.1.tgz#0742e99a4a6552f445d73e3ee0328af0ff1ede39"
  integrity sha1-B0LpmkplUvRF1z4+4DKK8P8e3jk=
  dependencies:
    performance-now "^2.1.0"

rc-align@^4.0.0:
  version "4.0.9"
  resolved "https://registry.npm.taobao.org/rc-align/download/rc-align-4.0.9.tgz?cache=0&other_urls=https%3A%2F%2Fregistry.npm.taobao.org%2Frc-align%2Fdownload%2Frc-align-4.0.9.tgz#46d8801c4a139ff6a65ad1674e8efceac98f85f2"
  integrity sha1-RtiAHEoTn/amWtFnTo786smPhfI=
  dependencies:
    "@babel/runtime" "^7.10.1"
    classnames "2.x"
    dom-align "^1.7.0"
    rc-util "^5.3.0"
    resize-observer-polyfill "^1.5.1"

rc-animate@3.x, rc-animate@~3.1.0:
  version "3.1.1"
  resolved "https://registry.npm.taobao.org/rc-animate/download/rc-animate-3.1.1.tgz#defdd863f56816c222534e4dc68feddecd081386"
  integrity sha1-3v3YY/VoFsIiU05Nxo/t3s0IE4Y=
  dependencies:
    "@ant-design/css-animation" "^1.7.2"
    classnames "^2.2.6"
    raf "^3.4.0"
    rc-util "^4.15.3"

rc-cascader@~1.4.0:
  version "1.4.0"
  resolved "https://registry.npm.taobao.org/rc-cascader/download/rc-cascader-1.4.0.tgz?cache=0&sync_timestamp=1600350991321&other_urls=https%3A%2F%2Fregistry.npm.taobao.org%2Frc-cascader%2Fdownload%2Frc-cascader-1.4.0.tgz#d731ea8e07433558627941036091a2820e895474"
  integrity sha1-1zHqjgdDNVhieUEDYJGigg6JVHQ=
  dependencies:
    array-tree-filter "^2.1.0"
    rc-trigger "^5.0.4"
    rc-util "^5.0.1"
    warning "^4.0.1"

rc-checkbox@~2.3.0:
  version "2.3.1"
  resolved "https://registry.npm.taobao.org/rc-checkbox/download/rc-checkbox-2.3.1.tgz#2a61bc43017c783bd2e9f1a67553bf8efe7aa4d3"
  integrity sha1-KmG8QwF8eDvS6fGmdVO/jv56pNM=
  dependencies:
    "@babel/runtime" "^7.10.1"
    classnames "^2.2.1"

rc-collapse@~2.0.0:
  version "2.0.1"
  resolved "https://registry.npm.taobao.org/rc-collapse/download/rc-collapse-2.0.1.tgz?cache=0&sync_timestamp=1605582949171&other_urls=https%3A%2F%2Fregistry.npm.taobao.org%2Frc-collapse%2Fdownload%2Frc-collapse-2.0.1.tgz#99e7655acd9c237b72369a39dcb5c713451e1e92"
  integrity sha1-medlWs2cI3tyNpo53LXHE0UeHpI=
  dependencies:
    "@ant-design/css-animation" "^1.7.2"
    classnames "2.x"
    rc-animate "3.x"
    rc-util "^5.2.1"
    shallowequal "^1.1.0"

rc-dialog@~8.4.0:
  version "8.4.3"
  resolved "https://registry.npm.taobao.org/rc-dialog/download/rc-dialog-8.4.3.tgz?cache=0&sync_timestamp=1603284418798&other_urls=https%3A%2F%2Fregistry.npm.taobao.org%2Frc-dialog%2Fdownload%2Frc-dialog-8.4.3.tgz#de8650ce7d1fcb6c1f7e065b94a6894b9a5a54a4"
  integrity sha1-3oZQzn0fy2wffgZblKaJS5paVKQ=
  dependencies:
    "@babel/runtime" "^7.10.1"
    classnames "^2.2.6"
    rc-motion "^2.3.0"
    rc-util "^5.0.1"

rc-drawer@~4.1.0:
  version "4.1.0"
  resolved "https://registry.npm.taobao.org/rc-drawer/download/rc-drawer-4.1.0.tgz#d7bf0bc030300b62d282bc04e053b9acad6b08b4"
  integrity sha1-178LwDAwC2LSgrwE4FO5rK1rCLQ=
  dependencies:
    "@babel/runtime" "^7.10.1"
    classnames "^2.2.6"
    rc-util "^5.0.1"

rc-dropdown@^3.1.3, rc-dropdown@~3.2.0:
  version "3.2.0"
  resolved "https://registry.npm.taobao.org/rc-dropdown/download/rc-dropdown-3.2.0.tgz#da6c2ada403842baee3a9e909a0b1a91ba3e1090"
  integrity sha1-2mwq2kA4QrruOp6Qmgsakbo+EJA=
  dependencies:
    "@babel/runtime" "^7.10.1"
    classnames "^2.2.6"
    rc-trigger "^5.0.4"

rc-field-form@~1.15.0:
  version "1.15.1"
  resolved "https://registry.npm.taobao.org/rc-field-form/download/rc-field-form-1.15.1.tgz#6121dc5e9557967424d38700d5336b6828203273"
  integrity sha1-YSHcXpVXlnQk04cA1TNraCggMnM=
  dependencies:
    "@babel/runtime" "^7.8.4"
    async-validator "^3.0.3"
    rc-util "^5.0.0"

rc-image@~4.0.0:
  version "4.0.1"
  resolved "https://registry.npm.taobao.org/rc-image/download/rc-image-4.0.1.tgz?cache=0&sync_timestamp=1604479494719&other_urls=https%3A%2F%2Fregistry.npm.taobao.org%2Frc-image%2Fdownload%2Frc-image-4.0.1.tgz#b54534684a01dcf8cb477f5ac6dda72545a9541f"
  integrity sha1-tUU0aEoB3PjLR39axt2nJUWpVB8=
  dependencies:
    "@ant-design/icons" "^4.2.2"
    "@babel/runtime" "^7.11.2"
    classnames "^2.2.6"
    rc-dialog "~8.4.0"
    rc-util "^5.0.6"

rc-input-number@~6.1.0:
  version "6.1.1"
  resolved "https://registry.npm.taobao.org/rc-input-number/download/rc-input-number-6.1.1.tgz#818c426942d1b4dc4d6d2639d741ca67773a9118"
  integrity sha1-gYxCaULRtNxNbSY510HKZ3c6kRg=
  dependencies:
    "@babel/runtime" "^7.10.1"
    classnames "^2.2.5"
    rc-util "^5.0.1"

rc-mentions@~1.5.0:
  version "1.5.2"
  resolved "https://registry.npm.taobao.org/rc-mentions/download/rc-mentions-1.5.2.tgz#94559a369de73e7cc92f343badaf94499fb410a7"
  integrity sha1-lFWaNp3nPnzJLzQ7ra+USZ+0EKc=
  dependencies:
    "@babel/runtime" "^7.10.1"
    classnames "^2.2.6"
    rc-menu "^8.0.1"
    rc-textarea "^0.3.0"
    rc-trigger "^5.0.4"
    rc-util "^5.0.1"

rc-menu@^8.0.1, rc-menu@^8.6.1, rc-menu@~8.10.0:
  version "8.10.0"
  resolved "https://registry.npm.taobao.org/rc-menu/download/rc-menu-8.10.0.tgz?cache=0&other_urls=https%3A%2F%2Fregistry.npm.taobao.org%2Frc-menu%2Fdownload%2Frc-menu-8.10.0.tgz#f14ff6456073bcf29603da818774543a73e44e92"
  integrity sha1-8U/2RWBzvPKWA9qBh3RUOnPkTpI=
  dependencies:
    "@babel/runtime" "^7.10.1"
    classnames "2.x"
    mini-store "^3.0.1"
    omit.js "^2.0.0"
    rc-motion "^2.0.1"
    rc-trigger "^5.1.2"
    rc-util "^5.0.1"
    resize-observer-polyfill "^1.5.0"
    shallowequal "^1.1.0"

rc-motion@^2.0.0, rc-motion@^2.0.1, rc-motion@^2.2.0, rc-motion@^2.3.0:
  version "2.3.4"
  resolved "https://registry.npm.taobao.org/rc-motion/download/rc-motion-2.3.4.tgz?cache=0&sync_timestamp=1604282803006&other_urls=https%3A%2F%2Fregistry.npm.taobao.org%2Frc-motion%2Fdownload%2Frc-motion-2.3.4.tgz#69fe1313754ee1e746e42ec971e361cbc755456e"
  integrity sha1-af4TE3VO4edG5C7JceNhy8dVRW4=
  dependencies:
    "@babel/runtime" "^7.11.1"
    classnames "^2.2.1"
    rc-util "^5.2.1"

rc-notification@~4.5.2:
  version "4.5.4"
  resolved "https://registry.npm.taobao.org/rc-notification/download/rc-notification-4.5.4.tgz?cache=0&sync_timestamp=1604052337921&other_urls=https%3A%2F%2Fregistry.npm.taobao.org%2Frc-notification%2Fdownload%2Frc-notification-4.5.4.tgz#1292e163003db4b9162c856a4630e5d0f1359356"
  integrity sha1-EpLhYwA9tLkWLIVqRjDl0PE1k1Y=
  dependencies:
    "@babel/runtime" "^7.10.1"
    classnames "2.x"
    rc-motion "^2.2.0"
    rc-util "^5.0.1"

rc-pagination@~3.1.0:
  version "3.1.2"
  resolved "https://registry.npm.taobao.org/rc-pagination/download/rc-pagination-3.1.2.tgz#ab5eacd9c51f869e350d2245064babe91bc1f046"
  integrity sha1-q16s2cUfhp41DSJFBkur6RvB8EY=
  dependencies:
    "@babel/runtime" "^7.10.1"
    classnames "^2.2.1"

rc-picker@~2.3.0:
  version "2.3.4"
  resolved "https://registry.npm.taobao.org/rc-picker/download/rc-picker-2.3.4.tgz?cache=0&sync_timestamp=1604740234851&other_urls=https%3A%2F%2Fregistry.npm.taobao.org%2Frc-picker%2Fdownload%2Frc-picker-2.3.4.tgz#3c42f54b6389e205b0ce0b8257e380864429192d"
  integrity sha1-PEL1S2OJ4gWwzguCV+OAhkQpGS0=
  dependencies:
    "@babel/runtime" "^7.10.1"
    classnames "^2.2.1"
    date-fns "^2.15.0"
    dayjs "^1.8.30"
    moment "^2.24.0"
    rc-trigger "^5.0.4"
    rc-util "^5.4.0"
    shallowequal "^1.1.0"

rc-progress@~3.1.0:
  version "3.1.1"
  resolved "https://registry.npm.taobao.org/rc-progress/download/rc-progress-3.1.1.tgz?cache=0&sync_timestamp=1603283766187&other_urls=https%3A%2F%2Fregistry.npm.taobao.org%2Frc-progress%2Fdownload%2Frc-progress-3.1.1.tgz#f7ba5eb33cc438862513ab5a71739feaf6b3ef4f"
  integrity sha1-97peszzEOIYlE6tacXOf6vaz708=
  dependencies:
    "@babel/runtime" "^7.10.1"
    classnames "^2.2.6"

rc-rate@~2.9.0:
  version "2.9.1"
  resolved "https://registry.npm.taobao.org/rc-rate/download/rc-rate-2.9.1.tgz?cache=0&sync_timestamp=1605573550513&other_urls=https%3A%2F%2Fregistry.npm.taobao.org%2Frc-rate%2Fdownload%2Frc-rate-2.9.1.tgz#e43cb95c4eb90a2c1e0b16ec6614d8c43530a731"
  integrity sha1-5Dy5XE65CiweCxbsZhTYxDUwpzE=
  dependencies:
    "@babel/runtime" "^7.10.1"
    classnames "^2.2.5"
    rc-util "^5.0.1"

rc-resize-observer@^0.2.0, rc-resize-observer@^0.2.1, rc-resize-observer@^0.2.3:
  version "0.2.6"
  resolved "https://registry.npm.taobao.org/rc-resize-observer/download/rc-resize-observer-0.2.6.tgz#c1b642f6d1293e34c4e3715f47f69443a167b825"
  integrity sha1-wbZC9tEpPjTE43FfR/aUQ6FnuCU=
  dependencies:
    "@babel/runtime" "^7.10.1"
    classnames "^2.2.1"
    rc-util "^5.0.0"
    resize-observer-polyfill "^1.5.1"

rc-select@^11.1.1:
  version "11.5.0"
  resolved "https://registry.npm.taobao.org/rc-select/download/rc-select-11.5.0.tgz?cache=0&sync_timestamp=1604409440494&other_urls=https%3A%2F%2Fregistry.npm.taobao.org%2Frc-select%2Fdownload%2Frc-select-11.5.0.tgz#360d2762207c2fef2622e7fcc542fc94dfc9d10f"
  integrity sha1-Ng0nYiB8L+8mIuf8xUL8lN/J0Q8=
  dependencies:
    "@babel/runtime" "^7.10.1"
    classnames "2.x"
    rc-motion "^2.0.1"
    rc-trigger "^5.0.4"
    rc-util "^5.0.1"
    rc-virtual-list "^3.2.0"
    warning "^4.0.3"

rc-select@~11.4.0:
  version "11.4.2"
  resolved "https://registry.npm.taobao.org/rc-select/download/rc-select-11.4.2.tgz?cache=0&sync_timestamp=1604409440494&other_urls=https%3A%2F%2Fregistry.npm.taobao.org%2Frc-select%2Fdownload%2Frc-select-11.4.2.tgz#5b431ee7b2cc6e439886ca855774fc116e6fe6fb"
  integrity sha1-W0Me57LMbkOYhsqFV3T8EW5v5vs=
  dependencies:
    "@babel/runtime" "^7.10.1"
    classnames "2.x"
    rc-motion "^2.0.1"
    rc-trigger "^5.0.4"
    rc-util "^5.0.1"
    rc-virtual-list "^3.2.0"
    warning "^4.0.3"

rc-slider@~9.6.1:
  version "9.6.3"
  resolved "https://registry.npm.taobao.org/rc-slider/download/rc-slider-9.6.3.tgz?cache=0&sync_timestamp=1605610411068&other_urls=https%3A%2F%2Fregistry.npm.taobao.org%2Frc-slider%2Fdownload%2Frc-slider-9.6.3.tgz#7bf8bc8581ae14ed7130d6a7edda3bb3a1b0deba"
  integrity sha1-e/i8hYGuFO1xMNan7do7s6Gw3ro=
  dependencies:
    "@babel/runtime" "^7.10.1"
    classnames "^2.2.5"
    rc-tooltip "^5.0.1"
    rc-util "^5.0.0"
    shallowequal "^1.1.0"

rc-steps@~4.1.0:
  version "4.1.3"
  resolved "https://registry.npm.taobao.org/rc-steps/download/rc-steps-4.1.3.tgz?cache=0&sync_timestamp=1603286117848&other_urls=https%3A%2F%2Fregistry.npm.taobao.org%2Frc-steps%2Fdownload%2Frc-steps-4.1.3.tgz#208580e22db619e3830ddb7fa41bc886c65d9803"
  integrity sha1-IIWA4i22GeODDdt/pBvIhsZdmAM=
  dependencies:
    "@babel/runtime" "^7.10.2"
    classnames "^2.2.3"
    rc-util "^5.0.1"

rc-switch@~3.2.0:
  version "3.2.2"
  resolved "https://registry.npm.taobao.org/rc-switch/download/rc-switch-3.2.2.tgz?cache=0&sync_timestamp=1603793609375&other_urls=https%3A%2F%2Fregistry.npm.taobao.org%2Frc-switch%2Fdownload%2Frc-switch-3.2.2.tgz#d001f77f12664d52595b4f6fb425dd9e66fba8e8"
  integrity sha1-0AH3fxJmTVJZW09vtCXdnmb7qOg=
  dependencies:
    "@babel/runtime" "^7.10.1"
    classnames "^2.2.1"
    rc-util "^5.0.1"

rc-table@~7.11.0:
  version "7.11.2"
  resolved "https://registry.npm.taobao.org/rc-table/download/rc-table-7.11.2.tgz?cache=0&sync_timestamp=1605516445423&other_urls=https%3A%2F%2Fregistry.npm.taobao.org%2Frc-table%2Fdownload%2Frc-table-7.11.2.tgz#07fde8e6323e27c6ed3f534a35dae413e8212d51"
  integrity sha1-B/3o5jI+J8btP1NKNdrkE+ghLVE=
  dependencies:
    "@babel/runtime" "^7.10.1"
    classnames "^2.2.5"
    rc-resize-observer "^0.2.0"
    rc-util "^5.4.0"
    shallowequal "^1.1.0"

rc-tabs@~11.7.0:
  version "11.7.1"
  resolved "https://registry.npm.taobao.org/rc-tabs/download/rc-tabs-11.7.1.tgz?cache=0&sync_timestamp=1605517777392&other_urls=https%3A%2F%2Fregistry.npm.taobao.org%2Frc-tabs%2Fdownload%2Frc-tabs-11.7.1.tgz#c23fc53e59bd8b7250818a1a29bca1896450d79b"
  integrity sha1-wj/FPlm9i3JQgYoaKbyhiWRQ15s=
  dependencies:
    "@babel/runtime" "^7.11.2"
    classnames "2.x"
    raf "^3.4.1"
    rc-dropdown "^3.1.3"
    rc-menu "^8.6.1"
    rc-resize-observer "^0.2.1"
    rc-util "^5.5.0"

rc-textarea@^0.3.0, rc-textarea@~0.3.0:
  version "0.3.1"
  resolved "https://registry.npm.taobao.org/rc-textarea/download/rc-textarea-0.3.1.tgz#e81e1ef6f0e29729f9f80bb266cf6769dd7ab69a"
  integrity sha1-6B4e9vDilyn5+AuyZs9nad16tpo=
  dependencies:
    "@babel/runtime" "^7.10.1"
    classnames "^2.2.1"
    omit.js "^2.0.0"
    rc-resize-observer "^0.2.3"

rc-tooltip@^5.0.1, rc-tooltip@~5.0.0:
  version "5.0.1"
  resolved "https://registry.npm.taobao.org/rc-tooltip/download/rc-tooltip-5.0.1.tgz?cache=0&sync_timestamp=1604027243036&other_urls=https%3A%2F%2Fregistry.npm.taobao.org%2Frc-tooltip%2Fdownload%2Frc-tooltip-5.0.1.tgz#b82c4259604d2cb62ca610ed7932dd37fc6ef61d"
  integrity sha1-uCxCWWBNLLYsphDteTLdN/xu9h0=
  dependencies:
    "@babel/runtime" "^7.11.2"
    rc-trigger "^5.0.0"

rc-tree-select@~4.1.1:
  version "4.1.3"
  resolved "https://registry.npm.taobao.org/rc-tree-select/download/rc-tree-select-4.1.3.tgz?cache=0&sync_timestamp=1605667491490&other_urls=https%3A%2F%2Fregistry.npm.taobao.org%2Frc-tree-select%2Fdownload%2Frc-tree-select-4.1.3.tgz#1f88b7bf46652f9962ce425f8760a8f891fb5b78"
  integrity sha1-H4i3v0ZlL5lizkJfh2Co+JH7W3g=
  dependencies:
    "@babel/runtime" "^7.10.1"
    classnames "2.x"
    rc-select "^11.1.1"
    rc-tree "^3.8.0"
    rc-util "^5.0.5"

rc-tree@^3.8.0, rc-tree@~3.11.0:
  version "3.11.0"
  resolved "https://registry.npm.taobao.org/rc-tree/download/rc-tree-3.11.0.tgz?cache=0&sync_timestamp=1603804102659&other_urls=https%3A%2F%2Fregistry.npm.taobao.org%2Frc-tree%2Fdownload%2Frc-tree-3.11.0.tgz#87edf01842bd88a05519e30dd7312bee3f7e2618"
  integrity sha1-h+3wGEK9iKBVGeMN1zEr7j9+Jhg=
  dependencies:
    "@babel/runtime" "^7.10.1"
    classnames "2.x"
    rc-motion "^2.0.1"
    rc-util "^5.0.0"
    rc-virtual-list "^3.0.1"

rc-trigger@^5.0.0, rc-trigger@^5.0.4, rc-trigger@^5.1.2:
  version "5.1.2"
  resolved "https://registry.npm.taobao.org/rc-trigger/download/rc-trigger-5.1.2.tgz#f0f89bba2318699e704492bddb20506ecd8f8916"
  integrity sha1-8PibuiMYaZ5wRJK92yBQbs2PiRY=
  dependencies:
    "@babel/runtime" "^7.11.2"
    classnames "^2.2.6"
    rc-align "^4.0.0"
    rc-motion "^2.0.0"
    rc-util "^5.5.0"

rc-upload@~3.3.1:
  version "3.3.1"
  resolved "https://registry.npm.taobao.org/rc-upload/download/rc-upload-3.3.1.tgz#ad8658b2a796031930b35d2b07ab312b7cd4c9ed"
  integrity sha1-rYZYsqeWAxkws10rB6sxK3zUye0=
  dependencies:
    "@babel/runtime" "^7.10.1"
    classnames "^2.2.5"
    rc-util "^5.2.0"

rc-util@^4.15.3:
  version "4.21.1"
  resolved "https://registry.npm.taobao.org/rc-util/download/rc-util-4.21.1.tgz?cache=0&sync_timestamp=1604409793530&other_urls=https%3A%2F%2Fregistry.npm.taobao.org%2Frc-util%2Fdownload%2Frc-util-4.21.1.tgz#88602d0c3185020aa1053d9a1e70eac161becb05"
  integrity sha1-iGAtDDGFAgqhBT2aHnDqwWG+ywU=
  dependencies:
    add-dom-event-listener "^1.1.0"
    prop-types "^15.5.10"
    react-is "^16.12.0"
    react-lifecycles-compat "^3.0.4"
    shallowequal "^1.1.0"

rc-util@^5.0.0, rc-util@^5.0.1, rc-util@^5.0.5, rc-util@^5.0.6, rc-util@^5.0.7, rc-util@^5.1.0, rc-util@^5.2.0, rc-util@^5.2.1, rc-util@^5.3.0, rc-util@^5.4.0, rc-util@^5.5.0:
  version "5.5.0"
  resolved "https://registry.npm.taobao.org/rc-util/download/rc-util-5.5.0.tgz?cache=0&sync_timestamp=1604409793530&other_urls=https%3A%2F%2Fregistry.npm.taobao.org%2Frc-util%2Fdownload%2Frc-util-5.5.0.tgz#76321bcb5c12f01f42bff9b971f170ff19506e5a"
  integrity sha1-djIby1wS8B9Cv/m5cfFw/xlQblo=
  dependencies:
    react-is "^16.12.0"
    shallowequal "^1.1.0"

rc-virtual-list@^3.0.1, rc-virtual-list@^3.2.0:
  version "3.2.2"
  resolved "https://registry.npm.taobao.org/rc-virtual-list/download/rc-virtual-list-3.2.2.tgz?cache=0&sync_timestamp=1604024463149&other_urls=https%3A%2F%2Fregistry.npm.taobao.org%2Frc-virtual-list%2Fdownload%2Frc-virtual-list-3.2.2.tgz#95f8f0c4238e081f4a998354492632eed6d71924"
  integrity sha1-lfjwxCOOCB9KmYNUSSYy7tbXGSQ=
  dependencies:
    classnames "^2.2.6"
    rc-resize-observer "^0.2.3"
    rc-util "^5.0.7"

react-dom@^17.0.1:
  version "17.0.1"
  resolved "https://registry.npm.taobao.org/react-dom/download/react-dom-17.0.1.tgz#1de2560474ec9f0e334285662ede52dbc5426fc6"
  integrity sha1-HeJWBHTsnw4zQoVmLt5S28VCb8Y=
  dependencies:
    loose-envify "^1.1.0"
    object-assign "^4.1.1"
    scheduler "^0.20.1"

react-is@^16.12.0, react-is@^16.7.0, react-is@^16.8.1:
  version "16.13.1"
  resolved "https://registry.npm.taobao.org/react-is/download/react-is-16.13.1.tgz#789729a4dc36de2999dc156dd6c1d9c18cea56a4"
  integrity sha1-eJcppNw23imZ3BVt1sHZwYzqVqQ=

react-lifecycles-compat@^3.0.4:
  version "3.0.4"
  resolved "https://registry.npm.taobao.org/react-lifecycles-compat/download/react-lifecycles-compat-3.0.4.tgz#4f1a273afdfc8f3488a8c516bfda78f872352362"
  integrity sha1-TxonOv38jzSIqMUWv9p4+HI1I2I=

react@^17.0.1:
  version "17.0.1"
  resolved "https://registry.npm.taobao.org/react/download/react-17.0.1.tgz#6e0600416bd57574e3f86d92edba3d9008726127"
  integrity sha1-bgYAQWvVdXTj+G2S7bo9kAhyYSc=
  dependencies:
    loose-envify "^1.1.0"
    object-assign "^4.1.1"

regenerator-runtime@^0.13.4:
  version "0.13.7"
  resolved "https://registry.npm.taobao.org/regenerator-runtime/download/regenerator-runtime-0.13.7.tgz#cac2dacc8a1ea675feaabaeb8ae833898ae46f55"
  integrity sha1-ysLazIoepnX+qrrriugziYrkb1U=

resize-observer-polyfill@^1.5.0, resize-observer-polyfill@^1.5.1:
  version "1.5.1"
  resolved "https://registry.npm.taobao.org/resize-observer-polyfill/download/resize-observer-polyfill-1.5.1.tgz#0e9020dd3d21024458d4ebd27e23e40269810464"
  integrity sha1-DpAg3T0hAkRY1OvSfiPkAmmBBGQ=

scheduler@^0.20.1:
  version "0.20.1"
  resolved "https://registry.npm.taobao.org/scheduler/download/scheduler-0.20.1.tgz?cache=0&sync_timestamp=1603367820566&other_urls=https%3A%2F%2Fregistry.npm.taobao.org%2Fscheduler%2Fdownload%2Fscheduler-0.20.1.tgz#da0b907e24026b01181ecbc75efdc7f27b5a000c"
  integrity sha1-2guQfiQCawEYHsvHXv3H8ntaAAw=
  dependencies:
    loose-envify "^1.1.0"
    object-assign "^4.1.1"

scroll-into-view-if-needed@^2.2.25:
  version "2.2.26"
  resolved "https://registry.npm.taobao.org/scroll-into-view-if-needed/download/scroll-into-view-if-needed-2.2.26.tgz#e4917da0c820135ff65ad6f7e4b7d7af568c4f13"
  integrity sha1-5JF9oMggE1/2Wtb35LfXr1aMTxM=
  dependencies:
    compute-scroll-into-view "^1.0.16"

shallowequal@^1.0.2, shallowequal@^1.1.0:
  version "1.1.0"
  resolved "https://registry.npm.taobao.org/shallowequal/download/shallowequal-1.1.0.tgz#188d521de95b9087404fd4dcb68b13df0ae4e7f8"
  integrity sha1-GI1SHelbkIdAT9TctosT3wrk5/g=

source-map-support@^0.5.17:
  version "0.5.19"
  resolved "https://registry.npm.taobao.org/source-map-support/download/source-map-support-0.5.19.tgz?cache=0&other_urls=https%3A%2F%2Fregistry.npm.taobao.org%2Fsource-map-support%2Fdownload%2Fsource-map-support-0.5.19.tgz#a98b62f86dcaf4f67399648c085291ab9e8fed61"
  integrity sha1-qYti+G3K9PZzmWSMCFKRq56P7WE=
  dependencies:
    buffer-from "^1.0.0"
    source-map "^0.6.0"

source-map@^0.6.0:
  version "0.6.1"
  resolved "https://registry.npm.taobao.org/source-map/download/source-map-0.6.1.tgz#74722af32e9614e9c287a8d0bbde48b5e2f1a263"
  integrity sha1-dHIq8y6WFOnCh6jQu95IteLxomM=

string-convert@^0.2.0:
  version "0.2.1"
  resolved "https://registry.npm.taobao.org/string-convert/download/string-convert-0.2.1.tgz#6982cc3049fbb4cd85f8b24568b9d9bf39eeff97"
  integrity sha1-aYLMMEn7tM2F+LJFaLnZvznu/5c=

toggle-selection@^1.0.6:
  version "1.0.6"
  resolved "https://registry.npm.taobao.org/toggle-selection/download/toggle-selection-1.0.6.tgz#6e45b1263f2017fa0acc7d89d78b15b8bf77da32"
  integrity sha1-bkWxJj8gF/oKzH2J14sVuL932jI=

ts-node@^9.0.0:
  version "9.0.0"
  resolved "https://registry.npm.taobao.org/ts-node/download/ts-node-9.0.0.tgz#e7699d2a110cc8c0d3b831715e417688683460b3"
  integrity sha1-52mdKhEMyMDTuDFxXkF2iGg0YLM=
  dependencies:
    arg "^4.1.0"
    diff "^4.0.1"
    make-error "^1.1.1"
    source-map-support "^0.5.17"
    yn "3.1.1"

typescript@^4.0.5:
  version "4.0.5"
  resolved "https://registry.npm.taobao.org/typescript/download/typescript-4.0.5.tgz#ae9dddfd1069f1cb5beb3ef3b2170dd7c1332389"
  integrity sha1-rp3d/RBp8ctb6z7zshcN18EzI4k=

warning@^4.0.1, warning@^4.0.3:
  version "4.0.3"
  resolved "https://registry.npm.taobao.org/warning/download/warning-4.0.3.tgz#16e9e077eb8a86d6af7d64aa1e05fd85b4678ca3"
  integrity sha1-Fungd+uKhtavfWSqHgX9hbRnjKM=
  dependencies:
    loose-envify "^1.0.0"

yn@3.1.1:
  version "3.1.1"
  resolved "https://registry.npm.taobao.org/yn/download/yn-3.1.1.tgz#1e87401a09d767c1d5eab26a6e4c185182d2eb50"
  integrity sha1-HodAGgnXZ8HV6rJqbkwYUYLS61A=
