# THIS IS AN AUTOGENERATED FILE. DO NOT EDIT THIS FILE DIRECTLY.
# yarn lockfile v1


"@ant-design/colors@^3.1.0":
  version "3.2.2"
  resolved "https://registry.npmjs.org/@ant-design/colors/-/colors-3.2.2.tgz#5ad43d619e911f3488ebac303d606e66a8423903"
  integrity sha512-YKgNbG2dlzqMhA9NtI3/pbY16m3Yl/EeWBRa+lB1X1YaYxHrxNexiQYCLTWO/uDvAjLFMEDU+zR901waBtMtjQ==
  dependencies:
    tinycolor2 "^1.4.1"

"@ant-design/css-animation@^1.7.2":
  version "1.7.2"
  resolved "https://registry.npmjs.org/@ant-design/css-animation/-/css-animation-1.7.2.tgz#4ee5d2ec0fb7cc0a78b44e1c82628bd4621ac7e3"
  integrity sha512-bvVOe7A+r7lws58B7r+fgnQDK90cV45AXuvGx6i5CCSX1W/M3AJnHsNggDANBxEtWdNdFWcDd5LorB+RdSIlBw==

"@ant-design/icons-svg@^4.0.0":
  version "4.1.0"
  resolved "https://registry.npmjs.org/@ant-design/icons-svg/-/icons-svg-4.1.0.tgz#480b025f4b20ef7fe8f47d4a4846e4fee84ea06c"
  integrity sha512-Fi03PfuUqRs76aI3UWYpP864lkrfPo0hluwGqh7NJdLhvH4iRDc3jbJqZIvRDLHKbXrvAfPPV3+zjUccfFvWOQ==

"@ant-design/icons@^4.2.1":
  version "4.2.1"
  resolved "https://registry.npmjs.org/@ant-design/icons/-/icons-4.2.1.tgz#6f3ea5d98ab782072e4e9cbb70f25e4403ae1a6b"
  integrity sha512-245ZI40MOr5GGws+sNSiJIRRoEf/J2xvPSMgwRYf3bv8mVGQZ6XTQI/OMeV16KtiSZ3D+mBKXVYSBz2fhigOXQ==
  dependencies:
    "@ant-design/colors" "^3.1.0"
    "@ant-design/icons-svg" "^4.0.0"
    "@babel/runtime" "^7.10.1"
    classnames "^2.2.6"
    insert-css "^2.0.0"
    rc-util "^5.0.1"

"@ant-design/react-slick@~0.26.1":
  version "0.26.1"
  resolved "https://registry.npmjs.org/@ant-design/react-slick/-/react-slick-0.26.1.tgz#1462ad1342a83af51b7ea4ee0ae1d76d91d1b3d3"
  integrity sha512-1CR3vNFxAMmMb9btF6w9yT1xlrhZr6f/K+OkqoCLfWxN7h7jC16UCr1RsGBoFUdSq8bYfTr3pe6AiiCEDsALvA==
  dependencies:
    classnames "^2.2.5"
    json2mq "^0.2.0"
    lodash "^4.17.15"
    resize-observer-polyfill "^1.5.0"

"@babel/runtime@^7.10.1", "@babel/runtime@^7.10.2", "@babel/runtime@^7.8.4":
  version "7.10.2"
  resolved "https://registry.npmjs.org/@babel/runtime/-/runtime-7.10.2.tgz#d103f21f2602497d38348a32e008637d506db839"
  integrity sha512-6sF3uQw2ivImfVIl62RZ7MXhO2tap69WeWK57vAaimT6AZbE4FbqjdEJIN1UqoD6wI6B+1n9UiagafH1sxjOtg==
  dependencies:
    regenerator-runtime "^0.13.4"

"@types/prop-types@*":
  version "15.7.3"
  resolved "https://registry.npmjs.org/@types/prop-types/-/prop-types-15.7.3.tgz#2ab0d5da2e5815f94b0b9d4b95d1e5f243ab2ca7"
  integrity sha512-KfRL3PuHmqQLOG+2tGpRO26Ctg+Cq1E01D2DMriKEATHgWLfeNDmq9e29Q9WIky0dQ3NPkd1mzYH8Lm936Z9qw==

"@types/react-dom@^16.9.8":
  version "16.9.8"
  resolved "https://registry.npmjs.org/@types/react-dom/-/react-dom-16.9.8.tgz#fe4c1e11dfc67155733dfa6aa65108b4971cb423"
  integrity sha512-ykkPQ+5nFknnlU6lDd947WbQ6TE3NNzbQAkInC2EKY1qeYdTKp7onFusmYZb+ityzx2YviqT6BXSu+LyWWJwcA==
  dependencies:
    "@types/react" "*"

"@types/react@*", "@types/react@^16.9.36":
  version "16.9.36"
  resolved "https://registry.npmjs.org/@types/react/-/react-16.9.36.tgz#ade589ff51e2a903e34ee4669e05dbfa0c1ce849"
  integrity sha512-mGgUb/Rk/vGx4NCvquRuSH0GHBQKb1OqpGS9cT9lFxlTLHZgkksgI60TuIxubmn7JuCb+sENHhQciqa0npm0AQ==
  dependencies:
    "@types/prop-types" "*"
    csstype "^2.2.0"

antd@^4.3.3:
  version "4.3.3"
  resolved "https://registry.npmjs.org/antd/-/antd-4.3.3.tgz#417061b248e4c69b38930bf750477761e228a199"
  integrity sha512-psDb3krf0nK0gkZSfxOGfJdqKbi0hzQJif7R2Cg3T6OV1nrNfc6waL4Th8mV72qq/+Ushuk0afRDaARkx9EzEg==
  dependencies:
    "@ant-design/css-animation" "^1.7.2"
    "@ant-design/icons" "^4.2.1"
    "@ant-design/react-slick" "~0.26.1"
    array-tree-filter "^2.1.0"
    classnames "^2.2.6"
    copy-to-clipboard "^3.2.0"
    lodash "^4.17.13"
    moment "^2.25.3"
    omit.js "^1.0.2"
    raf "^3.4.1"
    rc-animate "~3.1.0"
    rc-cascader "~1.2.0"
    rc-checkbox "~2.2.0"
    rc-collapse "~2.0.0"
    rc-dialog "~8.0.0"
    rc-drawer "~4.0.0"
    rc-dropdown "~3.1.2"
    rc-field-form "~1.4.1"
    rc-input-number "~5.0.0"
    rc-mentions "~1.2.0"
    rc-menu "~8.3.0"
    rc-notification "~4.4.0"
    rc-pagination "~2.2.5"
    rc-picker "~1.6.1"
    rc-progress "~3.0.0"
    rc-rate "~2.7.0"
    rc-resize-observer "^0.2.3"
    rc-select "~11.0.0"
    rc-slider "~9.3.0"
    rc-steps "~4.0.0"
    rc-switch "~3.2.0"
    rc-table "~7.7.2"
    rc-tabs "~11.3.1"
    rc-tooltip "~4.2.0"
    rc-tree "~3.3.0"
    rc-tree-select "~4.0.0"
    rc-trigger "~4.3.0"
    rc-upload "~3.1.0"
    rc-util "^5.0.1"
    scroll-into-view-if-needed "^2.2.25"
    warning "^4.0.3"

arg@^4.1.0:
  version "4.1.3"
  resolved "https://registry.npmjs.org/arg/-/arg-4.1.3.tgz#269fc7ad5b8e42cb63c896d5666017261c144089"
  integrity sha512-58S9QDqG0Xx27YwPSt9fJxivjYl432YCwfDMfZ+71RAqUrZef7LrKQZ3LHLOwCS4FLNBplP533Zx895SeOCHvA==

array-tree-filter@^2.1.0:
  version "2.1.0"
  resolved "https://registry.npmjs.org/array-tree-filter/-/array-tree-filter-2.1.0.tgz#873ac00fec83749f255ac8dd083814b4f6329190"
  integrity sha512-4ROwICNlNw/Hqa9v+rk5h22KjmzB1JGTMVKP2AKJBOCgb0yL0ASf0+YvCcLNNwquOHNX48jkeZIJ3a+oOQqKcw==

async-validator@^3.0.3:
  version "3.3.0"
  resolved "https://registry.npmjs.org/async-validator/-/async-validator-3.3.0.tgz#1d92193bbe60d6d6c8b246692c7005e9ed14a8ee"
  integrity sha512-cAHGD9EL8aCqWXjnb44q94MWiDFzUo1tMhvLb2WzcpWqGiKugsjWG9cvl+jPgkPca7asNbsBU3fa0cwkI/P+Xg==

babel-runtime@6.x, babel-runtime@^6.23.0:
  version "6.26.0"
  resolved "https://registry.npmjs.org/babel-runtime/-/babel-runtime-6.26.0.tgz#965c7058668e82b55d7bfe04ff2337bc8b5647fe"
  integrity sha1-llxwWGaOgrVde/4E/yM3vItWR/4=
  dependencies:
    core-js "^2.4.0"
    regenerator-runtime "^0.11.0"

buffer-from@^1.0.0:
  version "1.1.1"
  resolved "https://registry.npmjs.org/buffer-from/-/buffer-from-1.1.1.tgz#32713bc028f75c02fdb710d7c7bcec1f2c6070ef"
  integrity sha512-MQcXEUbCKtEo7bhqEs6560Hyd4XaovZlO/k9V3hjVUF/zwW7KBVdSK4gIt/bzwS9MbR5qob+F5jusZsb0YQK2A==

classnames@2.x, classnames@^2.2.0, classnames@^2.2.1, classnames@^2.2.3, classnames@^2.2.5, classnames@^2.2.6:
  version "2.2.6"
  resolved "https://registry.npmjs.org/classnames/-/classnames-2.2.6.tgz#43935bffdd291f326dad0a205309b38d00f650ce"
  integrity sha512-JR/iSQOSt+LQIWwrwEzJ9uk0xfN3mTVYMwt1Ir5mUcSN6pU+V4zQFFaJsclJbPuAUQH+yfWef6tm7l1quW3C8Q==

compute-scroll-into-view@^1.0.14:
  version "1.0.14"
  resolved "https://registry.npmjs.org/compute-scroll-into-view/-/compute-scroll-into-view-1.0.14.tgz#80e3ebb25d6aa89f42e533956cb4b16a04cfe759"
  integrity sha512-mKDjINe3tc6hGelUMNDzuhorIUZ7kS7BwyY0r2wQd2HOH2tRuJykiC06iSEX8y1TuhNzvz4GcJnK16mM2J1NMQ==

copy-to-clipboard@^3.2.0:
  version "3.3.1"
  resolved "https://registry.npmjs.org/copy-to-clipboard/-/copy-to-clipboard-3.3.1.tgz#115aa1a9998ffab6196f93076ad6da3b913662ae"
  integrity sha512-i13qo6kIHTTpCm8/Wup+0b1mVWETvu2kIMzKoK8FpkLkFxlt0znUAHcMzox+T8sPlqtZXq3CulEjQHsYiGFJUw==
  dependencies:
    toggle-selection "^1.0.6"

core-js@^2.4.0:
  version "2.6.11"
  resolved "https://registry.npmjs.org/core-js/-/core-js-2.6.11.tgz#38831469f9922bded8ee21c9dc46985e0399308c"
  integrity sha512-5wjnpaT/3dV+XB4borEsnAYQchn00XSgTAWKDkEqv+K8KevjbzmofK6hfJ9TZIlpj2N0xQpazy7PiRQiWHqzWg==

csstype@^2.2.0:
  version "2.6.10"
  resolved "https://registry.npmjs.org/csstype/-/csstype-2.6.10.tgz#e63af50e66d7c266edb6b32909cfd0aabe03928b"
  integrity sha512-D34BqZU4cIlMCY93rZHbrq9pjTAQJ3U8S8rfBqjwHxkGPThWFjzZDQpgMJY0QViLxth6ZKYiwFBo14RdN44U/w==

diff@^4.0.1:
  version "4.0.2"
  resolved "https://registry.npmjs.org/diff/-/diff-4.0.2.tgz#60f3aecb89d5fae520c11aa19efc2bb982aade7d"
  integrity sha512-58lmxKSA4BNyLz+HHMUzlOEpg09FV+ev6ZMe3vJihgdxzgcwZ8VoEEPmALCZG9LmqfVoNMMKpttIYTVG6uDY7A==

dom-align@^1.7.0:
  version "1.12.0"
  resolved "https://registry.npmjs.org/dom-align/-/dom-align-1.12.0.tgz#56fb7156df0b91099830364d2d48f88963f5a29c"
  integrity sha512-YkoezQuhp3SLFGdOlr5xkqZ640iXrnHAwVYcDg8ZKRUtO7mSzSC2BA5V0VuyAwPSJA4CLIc6EDDJh4bEsD2+zA==

hoist-non-react-statics@^3.3.2:
  version "3.3.2"
  resolved "https://registry.npmjs.org/hoist-non-react-statics/-/hoist-non-react-statics-3.3.2.tgz#ece0acaf71d62c2969c2ec59feff42a4b1a85b45"
  integrity sha512-/gGivxi8JPKWNm/W0jSmzcMPpfpPLc3dY/6GxhX2hQ9iGj3aDfklV4ET7NjKpSinLpJ5vafa9iiGIEZg10SfBw==
  dependencies:
    react-is "^16.7.0"

insert-css@^2.0.0:
  version "2.0.0"
  resolved "https://registry.npmjs.org/insert-css/-/insert-css-2.0.0.tgz#eb5d1097b7542f4c79ea3060d3aee07d053880f4"
  integrity sha1-610Ql7dUL0x56jBg067gfQU4gPQ=

"js-tokens@^3.0.0 || ^4.0.0":
  version "4.0.0"
  resolved "https://registry.npmjs.org/js-tokens/-/js-tokens-4.0.0.tgz#19203fb59991df98e3a287050d4647cdeaf32499"
  integrity sha512-RdJUflcE3cUzKiMqQgsCu06FPu9UdIJO0beYbPhHN4k6apgJtifcoCtT9bcxOpYBtpD2kCM6Sbzg4CausW/PKQ==

json2mq@^0.2.0:
  version "0.2.0"
  resolved "https://registry.npmjs.org/json2mq/-/json2mq-0.2.0.tgz#b637bd3ba9eabe122c83e9720483aeb10d2c904a"
  integrity sha1-tje9O6nqvhIsg+lyBIOusQ0skEo=
  dependencies:
    string-convert "^0.2.0"

lodash@^4.17.13, lodash@^4.17.15:
  version "4.17.20"
  resolved "https://registry.yarnpkg.com/lodash/-/lodash-4.17.20.tgz#b44a9b6297bcb698f1c51a3545a2b3b368d59c52"
  integrity sha512-PlhdFcillOINfeV7Ni6oF1TAEayyZBoZ8bcshTHqOYJYlrqzRK5hagpagky5o4HfCzzd1TRkXPMFq6cKk9rGmA==

loose-envify@^1.0.0, loose-envify@^1.1.0, loose-envify@^1.4.0:
  version "1.4.0"
  resolved "https://registry.npmjs.org/loose-envify/-/loose-envify-1.4.0.tgz#71ee51fa7be4caec1a63839f7e682d8132d30caf"
  integrity sha512-lyuxPGr/Wfhrlem2CL/UcnUc1zcqKAImBDzukY7Y5F/yQiNdko6+fRLevlw1HgMySw7f611UIY408EtxRSoK3Q==
  dependencies:
    js-tokens "^3.0.0 || ^4.0.0"

make-error@^1.1.1:
  version "1.3.6"
  resolved "https://registry.npmjs.org/make-error/-/make-error-1.3.6.tgz#2eb2e37ea9b67c4891f684a1394799af484cf7a2"
  integrity sha512-s8UhlNe7vPKomQhC1qFelMokr/Sc3AgNbso3n74mVPA5LTZwkB9NlXf4XPamLxJE8h0gh73rM94xvwRT2CVInw==

mini-store@^3.0.1:
  version "3.0.5"
  resolved "https://registry.npmjs.org/mini-store/-/mini-store-3.0.5.tgz#1b3808ee5e8173ecdcbf43b029137e9a72bb9fb8"
  integrity sha512-A7f0+d7TEvjJNY2K+splh2OG3AhmoPoiF3VntlAcJuBzryMumOF9LAVzg8mRJPPbCkz7mlWQg9MCMQPR2auftA==
  dependencies:
    hoist-non-react-statics "^3.3.2"
    shallowequal "^1.0.2"

moment@^2.24.0, moment@^2.25.3:
  version "2.26.0"
  resolved "https://registry.npmjs.org/moment/-/moment-2.26.0.tgz#5e1f82c6bafca6e83e808b30c8705eed0dcbd39a"
  integrity sha512-oIixUO+OamkUkwjhAVE18rAMfRJNsNe/Stid/gwHSOfHrOtw9EhAY2AHvdKZ/k/MggcYELFCJz/Sn2pL8b8JMw==

object-assign@^4.1.1:
  version "4.1.1"
  resolved "https://registry.npmjs.org/object-assign/-/object-assign-4.1.1.tgz#2109adc7965887cfc05cbbd442cac8bfbb360863"
  integrity sha1-IQmtx5ZYh8/AXLvUQsrIv7s2CGM=

omit.js@^1.0.2:
  version "1.0.2"
  resolved "https://registry.npmjs.org/omit.js/-/omit.js-1.0.2.tgz#91a14f0eba84066dfa015bf30e474c47f30bc858"
  integrity sha512-/QPc6G2NS+8d4L/cQhbk6Yit1WTB6Us2g84A7A/1+w9d/eRGHyEqC5kkQtHVoHZ5NFWGG7tUGgrhVZwgZanKrQ==
  dependencies:
    babel-runtime "^6.23.0"

performance-now@^2.1.0:
  version "2.1.0"
  resolved "https://registry.npmjs.org/performance-now/-/performance-now-2.1.0.tgz#6309f4e0e5fa913ec1c69307ae364b4b377c9e7b"
  integrity sha1-Ywn04OX6kT7BxpMHrjZLSzd8nns=

prop-types@^15.6.2:
  version "15.7.2"
  resolved "https://registry.npmjs.org/prop-types/-/prop-types-15.7.2.tgz#52c41e75b8c87e72b9d9360e0206b99dcbffa6c5"
  integrity sha512-8QQikdH7//R2vurIJSutZ1smHYTcLpRWEOlHnzcWHmBYrOGUysKwSsrC89BCiFj3CbrfJ/nXFdJepOVrY1GCHQ==
  dependencies:
    loose-envify "^1.4.0"
    object-assign "^4.1.1"
    react-is "^16.8.1"

raf@^3.4.0, raf@^3.4.1:
  version "3.4.1"
  resolved "https://registry.npmjs.org/raf/-/raf-3.4.1.tgz#0742e99a4a6552f445d73e3ee0328af0ff1ede39"
  integrity sha512-Sq4CW4QhwOHE8ucn6J34MqtZCeWFP2aQSmrlroYgqAV1PjStIhJXxYuTgUIfkEk7zTLjmIjLmU5q+fbD1NnOJA==
  dependencies:
    performance-now "^2.1.0"

rc-align@^4.0.0:
  version "4.0.0"
  resolved "https://registry.npmjs.org/rc-align/-/rc-align-4.0.0.tgz#7a5b212051bdd840b406a6ad547076534a843691"
  integrity sha512-0mKKfiZGo7VNiRCmnI4MTOG72pBFF0H08zebqcJyXcAm2hgAqTUtvt4I0pjMHh1WdYg+iQDjowpB5X8mZTN2vw==
  dependencies:
    "@babel/runtime" "^7.10.1"
    classnames "2.x"
    dom-align "^1.7.0"
    rc-util "^5.0.1"
    resize-observer-polyfill "^1.5.1"

rc-animate@3.x, rc-animate@^3.0.0, rc-animate@^3.1.0, rc-animate@~3.1.0:
  version "3.1.0"
  resolved "https://registry.npmjs.org/rc-animate/-/rc-animate-3.1.0.tgz#051b689c2c7194e4c8ae016d32a0e5f9de6c8baa"
  integrity sha512-8FsM+3B1H+0AyTyGggY6JyVldHTs1CyYT8CfTmG/nGHHXlecvSLeICJhcKgRLjUiQlctNnRtB1rwz79cvBVmrw==
  dependencies:
    "@ant-design/css-animation" "^1.7.2"
    classnames "^2.2.6"
    raf "^3.4.0"
    rc-util "^5.0.1"

rc-cascader@~1.2.0:
  version "1.2.0"
  resolved "https://registry.npmjs.org/rc-cascader/-/rc-cascader-1.2.0.tgz#46bc9044af39e1394b95ed84ef4d1397ae3c8de0"
  integrity sha512-exJ6qvaZddARXOjxYQzD0oYrOhNS/WC3E0+xUtAA6yP3RA6PRtzTBWCI4Il4y58X3C+wTjkQq5q1vKxHD76QOA==
  dependencies:
    array-tree-filter "^2.1.0"
    rc-trigger "^4.0.0"
    rc-util "^5.0.1"
    warning "^4.0.1"

rc-checkbox@~2.2.0:
  version "2.2.0"
  resolved "https://registry.npmjs.org/rc-checkbox/-/rc-checkbox-2.2.0.tgz#a0ce95c34f05e0eb882664174518cd4baa36dce9"
  integrity sha512-Wjh/nutLA8iIPTT1P9I9KOqlUblVe+CWa3SxMibFySnLyYbMxKNtPhwNcbADPOqzNU0AsCntTduNeJg1n0B5fg==
  dependencies:
    babel-runtime "^6.23.0"
    classnames "2.x"

rc-collapse@~2.0.0:
  version "2.0.0"
  resolved "https://registry.npmjs.org/rc-collapse/-/rc-collapse-2.0.0.tgz#08c5942f82005b4342ced02d983581e4c41cd324"
  integrity sha512-R5+Ge1uzwK9G1wZPRPhqQsed4FXTDmU0BKzsqfNBtZdk/wd+yey8ZutmJmSozYc5hQwjPkCvJHV7gOIRZKIlJg==
  dependencies:
    "@ant-design/css-animation" "^1.7.2"
    classnames "2.x"
    rc-animate "3.x"
    react-is "^16.7.0"
    shallowequal "^1.1.0"

rc-dialog@~8.0.0:
  version "8.0.1"
  resolved "https://registry.npmjs.org/rc-dialog/-/rc-dialog-8.0.1.tgz#b9265edfc9ac5d75a381bd340bc5e9720572a760"
  integrity sha512-ZOO2F8KHN4Dkpf1KiXNPKFWaLZutIuAhQw+YCafcFrigDv50AxGivoMSC//k4yjcJr3XRQTQMlMsmdAff4dEhw==
  dependencies:
    babel-runtime "6.x"
    rc-animate "3.x"
    rc-util "^5.0.1"

rc-drawer@~4.0.0:
  version "4.0.1"
  resolved "https://registry.npmjs.org/rc-drawer/-/rc-drawer-4.0.1.tgz#eb13505021a8822380f9904b0e5c66e291bb9b64"
  integrity sha512-sQCMV7W5hBjptdHXXKC+YOvZ6sNChDN9Nudd9dA5kJ2ld83yLa54IkEYs4FIb3Ana7yl4kkrgU0B1k2baSsnzw==
  dependencies:
    "@babel/runtime" "^7.10.1"
    classnames "^2.2.6"
    rc-util "^5.0.1"

rc-dropdown@^3.1.0, rc-dropdown@~3.1.2:
  version "3.1.2"
  resolved "https://registry.npmjs.org/rc-dropdown/-/rc-dropdown-3.1.2.tgz#5199bd532ac8519813a347d194ab4b0cee702333"
  integrity sha512-s2W5jqvjTid5DxotGO5FlTBaQWeB+Bu7McQgjB8Ot3Wbl72AIKwLf11+lgbV4mA2vWC1H8DKyn6SW9TKLTi0xg==
  dependencies:
    "@babel/runtime" "^7.10.1"
    classnames "^2.2.6"
    rc-trigger "^4.0.0"

rc-field-form@~1.4.1:
  version "1.4.4"
  resolved "https://registry.npmjs.org/rc-field-form/-/rc-field-form-1.4.4.tgz#3689d19a8acd2bb9fe7ff43275bc42170d62f20d"
  integrity sha512-1LwZ/I3fRUDzj2JGyfwur4nZqgwybrHy3kf6aKbGeWfYkpNbZaUNkIPfjBBmCdpN6lVPKI7ftRnYtjdBaXzyaw==
  dependencies:
    "@babel/runtime" "^7.8.4"
    async-validator "^3.0.3"
    rc-util "^5.0.0"

rc-input-number@~5.0.0:
  version "5.0.1"
  resolved "https://registry.npmjs.org/rc-input-number/-/rc-input-number-5.0.1.tgz#bafbea11516fdc34ae309dd56b99ab11ab6bc9bf"
  integrity sha512-4GgnJCjllAVNsZ9fPA+3LnoIgwUqM8QAWpyoKiTkPDN1UWapXYsPiKJCXOhnmiR0X8xpEoYHiobUaiquMliWiQ==
  dependencies:
    classnames "^2.2.0"
    rc-util "^5.0.1"

rc-mentions@~1.2.0:
  version "1.2.0"
  resolved "https://registry.npmjs.org/rc-mentions/-/rc-mentions-1.2.0.tgz#54347ac3c699318af9f14828acad012f32cd51cd"
  integrity sha512-9d4AYMuKN4o/ND5r/82rJHMp+R+rn1b+f8ZmWsI/1NlWtMqVn9Q7yxofqbX78zgV6+nppsMvMqtduJhgQkVl0Q==
  dependencies:
    "@babel/runtime" "^7.10.1"
    classnames "^2.2.6"
    rc-menu "^8.0.1"
    rc-trigger "^4.3.0"
    rc-util "^5.0.1"

rc-menu@^8.0.1, rc-menu@^8.2.1, rc-menu@~8.3.0:
  version "8.3.1"
  resolved "https://registry.npmjs.org/rc-menu/-/rc-menu-8.3.1.tgz#1ae8f27792de4734d29d2ec353410881ee65a00c"
  integrity sha512-4LNQ0zIL27yayQu9Xi3QOUB2yEqm5qSFwD9MzB1XnTo1JeLTLy3+D8Bm94rykvnhV6z5MYtalUTnM7ETfjExXQ==
  dependencies:
    "@babel/runtime" "^7.10.1"
    classnames "2.x"
    mini-store "^3.0.1"
    rc-animate "^3.1.0"
    rc-trigger "^4.2.0"
    rc-util "^5.0.1"
    resize-observer-polyfill "^1.5.0"
    shallowequal "^1.1.0"

rc-notification@~4.4.0:
  version "4.4.0"
  resolved "https://registry.npmjs.org/rc-notification/-/rc-notification-4.4.0.tgz#192d082cd6e2995705f43c6929162631c71e3db1"
  integrity sha512-IDeNAFGVeOsy1tv4zNVqMAXB9tianR80ewQbtObaAQfjwAjWfONdqdyjFkEU6nc6UQhSUYA5OcTGb7kwwbnh0g==
  dependencies:
    "@babel/runtime" "^7.10.1"
    classnames "2.x"
    rc-animate "3.x"
    rc-util "^5.0.1"

rc-pagination@~2.2.5:
  version "2.2.5"
  resolved "https://registry.npmjs.org/rc-pagination/-/rc-pagination-2.2.5.tgz#40d675c06d604099be91831b019ca19f40c1999d"
  integrity sha512-7hMFNi8R7C/4cLKgmSpUb3BfMFdt4DLrjTixSRMpMBR5jwGfwRyoV9g9Tm6gCuCaAlVAX1QNtlM1T2UqEOW5lw==
  dependencies:
    "@babel/runtime" "^7.10.1"
    classnames "^2.2.1"

rc-picker@~1.6.1:
  version "1.6.3"
  resolved "https://registry.npmjs.org/rc-picker/-/rc-picker-1.6.3.tgz#1d3a5dfa6c9fb5c5e842707adea2c66bd7820e0d"
  integrity sha512-SBaTUZDr+q89s21dF4wi8Ag+Kecv2x7QfufopV4eASm/WXWnvxIP4pCbedqP02jJQMGt290KNlIiffVNqscs5A==
  dependencies:
    "@babel/runtime" "^7.10.1"
    classnames "^2.2.1"
    moment "^2.24.0"
    rc-trigger "^4.0.0"
    rc-util "^5.0.1"
    shallowequal "^1.1.0"

rc-progress@~3.0.0:
  version "3.0.0"
  resolved "https://registry.npmjs.org/rc-progress/-/rc-progress-3.0.0.tgz#cea324ce8fc31421cd815d94a4649a8a29f8f8db"
  integrity sha512-dQv1KU3o6Vay604FMYMF4S0x4GNXAgXf1tbQ1QoxeIeQt4d5fUeB7Ri82YPu+G+aRvH/AtxYAlEcnxyVZ1/4Hw==
  dependencies:
    classnames "^2.2.6"

rc-rate@~2.7.0:
  version "2.7.0"
  resolved "https://registry.npmjs.org/rc-rate/-/rc-rate-2.7.0.tgz#4a436dc2b72397968f4d3df3742704888a395112"
  integrity sha512-XD+1tnmKa3Ykm6jVX2ZiwIWdv+DG1t7LDK3dojeFoS8GgA7W3oqW5R/UpJ66qrLYpPHw9N4pYJKWySiPKtPsLQ==
  dependencies:
    "@babel/runtime" "^7.10.1"
    classnames "^2.2.5"
    rc-util "^5.0.1"

rc-resize-observer@^0.2.0, rc-resize-observer@^0.2.1, rc-resize-observer@^0.2.3:
  version "0.2.3"
  resolved "https://registry.npmjs.org/rc-resize-observer/-/rc-resize-observer-0.2.3.tgz#8268284d1766d163240b1682661ae7b59bc4523d"
  integrity sha512-dEPCGX15eRRnu+TNBIGyEghpzE24fTDW8pHdJPJS/kCR3lafFqBLqKzBgZW6pMUuM70/ZDyFQ0Kynx9kWsXRNw==
  dependencies:
    "@babel/runtime" "^7.10.1"
    classnames "^2.2.1"
    rc-util "^5.0.0"
    resize-observer-polyfill "^1.5.1"

rc-select@^11.0.0, rc-select@~11.0.0:
  version "11.0.1"
  resolved "https://registry.npmjs.org/rc-select/-/rc-select-11.0.1.tgz#640ba084eac8357bca300ebbc254c0c71fe6fcc9"
  integrity sha512-gC8uL83iiuQxYUlBKz+JKpBGHj0fTk1GPdLH7612cd2lRDPpjlU7LEmMRSsqopGChnu8h2GJigo43ohbFsiasQ==
  dependencies:
    "@babel/runtime" "^7.10.1"
    classnames "2.x"
    rc-animate "^3.0.0"
    rc-trigger "^4.3.0"
    rc-util "^5.0.1"
    rc-virtual-list "^1.1.2"
    warning "^4.0.3"

rc-slider@~9.3.0:
  version "9.3.0"
  resolved "https://registry.npmjs.org/rc-slider/-/rc-slider-9.3.0.tgz#88c852de2532f488012087afb6b5bc8506b9e431"
  integrity sha512-9QPRjK8qFYO8L/Cn//O/K4g4dSU1glgvAdeT9qBLmjXtdYSiJ9u3YulcdbHWHo9Y3IE1dyaVm4m4ll2FWdDyqg==
  dependencies:
    "@babel/runtime" "^7.10.1"
    classnames "^2.2.5"
    rc-tooltip "^4.0.0"
    rc-util "^5.0.0"
    shallowequal "^1.1.0"

rc-steps@~4.0.0:
  version "4.0.0"
  resolved "https://registry.npmjs.org/rc-steps/-/rc-steps-4.0.0.tgz#fee917d749fe1a16bcc920edc098a439e1911774"
  integrity sha512-Vy0T2sC+1ElpovEB97mYNVR5GYNYSzMiRJFumera5gZL2bH6FcxYioXcq/HYCPN//YC+b/Fs37x4G/WpGMuaVw==
  dependencies:
    "@babel/runtime" "^7.10.2"
    classnames "^2.2.3"
    rc-util "^5.0.1"

rc-switch@~3.2.0:
  version "3.2.0"
  resolved "https://registry.npmjs.org/rc-switch/-/rc-switch-3.2.0.tgz#aa36bb417409ff4cc7d542ec4381cb5d87cfedc1"
  integrity sha512-WQZnRrWZ+KGh4Cd98FpP1ZgvMmebctoHzKAO2n1Xsry1FQBSGgIw4rQJRxET31VS/dR1LIKb5md/k0UzcXXc0g==
  dependencies:
    "@babel/runtime" "^7.10.1"
    classnames "^2.2.1"
    rc-util "^5.0.1"

rc-table@~7.7.2:
  version "7.7.2"
  resolved "https://registry.npmjs.org/rc-table/-/rc-table-7.7.2.tgz#7b679ff591ad1514842ff2ffda48b9d3be7cb15b"
  integrity sha512-LcCOYmnIKFPNFDbJpD6yUpTyQytoQL0nXoyuG4FWJROMJzmhVhpVQZ83YjFOAlZjwx0Ixz04yPkMvRq6xr9vXQ==
  dependencies:
    "@babel/runtime" "^7.10.1"
    classnames "^2.2.5"
    raf "^3.4.1"
    rc-resize-observer "^0.2.0"
    rc-util "^5.0.0"
    shallowequal "^1.1.0"

rc-tabs@~11.3.1:
  version "11.3.2"
  resolved "https://registry.npmjs.org/rc-tabs/-/rc-tabs-11.3.2.tgz#33793f02d681a8d7f3aa763c8002b7a833c3b63d"
  integrity sha512-UQQrVmBZm/LrgS5GHPZNpzedTV5ppU1f8dvTV2TX/zmV8byaOVd2uJ9F/f4zkXTvsTLxGzFfCrb6nAn1cwSBLw==
  dependencies:
    "@babel/runtime" "^7.10.1"
    classnames "2.x"
    raf "^3.4.1"
    rc-dropdown "^3.1.0"
    rc-menu "^8.2.1"
    rc-resize-observer "^0.2.1"
    rc-trigger "^4.2.1"
    rc-util "^5.0.0"

rc-tooltip@^4.0.0, rc-tooltip@~4.2.0:
  version "4.2.1"
  resolved "https://registry.npmjs.org/rc-tooltip/-/rc-tooltip-4.2.1.tgz#c1a2d5017ee03a771a9301c0dfdb46dfdf8fef94"
  integrity sha512-oykuaGsHg7RFvPUaxUpxo7ScEqtH61C66x4JUmjlFlSS8gSx2L8JFtfwM1D68SLBxUqGqJObtxj4TED75gQTiA==
  dependencies:
    rc-trigger "^4.2.1"

rc-tree-select@~4.0.0:
  version "4.0.1"
  resolved "https://registry.npmjs.org/rc-tree-select/-/rc-tree-select-4.0.1.tgz#0820efbf19624ed1ca37bf3d65bba6f85a1cf16d"
  integrity sha512-VehfIZgu6Xmko7YfJgshmuIdeI7u7Ar1iLkmlb69/w1HjaDnSHbV3N3xopLABAq8lTlTAnSFU2JCPcYifvTmAA==
  dependencies:
    "@babel/runtime" "^7.10.1"
    classnames "2.x"
    rc-select "^11.0.0"
    rc-tree "^3.1.0"
    rc-util "^5.0.1"

rc-tree@^3.1.0, rc-tree@~3.3.0:
  version "3.3.1"
  resolved "https://registry.npmjs.org/rc-tree/-/rc-tree-3.3.1.tgz#1b656ded2a8447bc8a7cae18e6cd97f5b85bad0b"
  integrity sha512-DGyVZN4HRSrmFErn68KOISIl3z0R9EjeNyZE0sgAaa5oqpQDAEK78/lYf5k3rot1N/iFAEJKaTRJfM7eIdWGwg==
  dependencies:
    "@babel/runtime" "^7.10.1"
    classnames "2.x"
    rc-animate "^3.1.0"
    rc-util "^5.0.0"
    rc-virtual-list "^1.1.0"

rc-trigger@^4.0.0, rc-trigger@^4.2.0, rc-trigger@^4.2.1, rc-trigger@^4.3.0, rc-trigger@~4.3.0:
  version "4.3.0"
  resolved "https://registry.npmjs.org/rc-trigger/-/rc-trigger-4.3.0.tgz#94ea1851d123359716d1dc3030083c015a92ecfb"
  integrity sha512-jnGNzosXmDdivMBjPCYe/AfOXTpJU2/xQ9XukgoXDQEoZq/9lcI1r7eUIfq70WlWpLxlUEqQktiV3hwyy6Nw9g==
  dependencies:
    "@babel/runtime" "^7.10.1"
    classnames "^2.2.6"
    raf "^3.4.1"
    rc-align "^4.0.0"
    rc-animate "^3.0.0"
    rc-util "^5.0.1"

rc-upload@~3.1.0:
  version "3.1.4"
  resolved "https://registry.npmjs.org/rc-upload/-/rc-upload-3.1.4.tgz#f61576b29a32e86b893f2911cb389f850a44f403"
  integrity sha512-G6nqT4HMrT+mDd32ZHfcFs2eCFilMdIdteylNCHPcfoBBOKkBW4iVo7O6uFhz/8jIGNLJfR3+6S2x/lnXYYrCQ==
  dependencies:
    classnames "^2.2.5"

rc-util@^5.0.0, rc-util@^5.0.1:
  version "5.0.4"
  resolved "https://registry.npmjs.org/rc-util/-/rc-util-5.0.4.tgz#297bd719b1bd00b3c947a884ab7ef0a07c55dce6"
  integrity sha512-cd19RCrE0DJH6UcJ9+V3eaXA/5sNWyVKOKkWl8ZM2OqgNzVb8fv0obf/TkuvSN43tmTsgqY8k7OqpFYHhmef8g==
  dependencies:
    react-is "^16.12.0"
    shallowequal "^1.1.0"

rc-virtual-list@^1.1.0, rc-virtual-list@^1.1.2:
  version "1.1.5"
  resolved "https://registry.npmjs.org/rc-virtual-list/-/rc-virtual-list-1.1.5.tgz#6edf7222830c7dd732f62698c8468b7f08ac8dec"
  integrity sha512-roZ6HE5MNKaiop+Ic7jZS7xlMnXBLp0XBElsMbE4eEL3GnnnJAet2iXoT5wjKcKMXEVyVCD0L4yQozmH7+Kgxg==
  dependencies:
    classnames "^2.2.6"
    raf "^3.4.1"
    rc-util "^5.0.0"

react-dom@^16.13.1:
  version "16.13.1"
  resolved "https://registry.npmjs.org/react-dom/-/react-dom-16.13.1.tgz#c1bd37331a0486c078ee54c4740720993b2e0e7f"
  integrity sha512-81PIMmVLnCNLO/fFOQxdQkvEq/+Hfpv24XNJfpyZhTRfO0QcmQIF/PgCa1zCOj2w1hrn12MFLyaJ/G0+Mxtfag==
  dependencies:
    loose-envify "^1.1.0"
    object-assign "^4.1.1"
    prop-types "^15.6.2"
    scheduler "^0.19.1"

react-is@^16.12.0, react-is@^16.7.0, react-is@^16.8.1:
  version "16.13.1"
  resolved "https://registry.npmjs.org/react-is/-/react-is-16.13.1.tgz#789729a4dc36de2999dc156dd6c1d9c18cea56a4"
  integrity sha512-24e6ynE2H+OKt4kqsOvNd8kBpV65zoxbA4BVsEOB3ARVWQki/DHzaUoC5KuON/BiccDaCCTZBuOcfZs70kR8bQ==

react@^16.13.1:
  version "16.13.1"
  resolved "https://registry.npmjs.org/react/-/react-16.13.1.tgz#2e818822f1a9743122c063d6410d85c1e3afe48e"
  integrity sha512-YMZQQq32xHLX0bz5Mnibv1/LHb3Sqzngu7xstSM+vrkE5Kzr9xE0yMByK5kMoTK30YVJE61WfbxIFFvfeDKT1w==
  dependencies:
    loose-envify "^1.1.0"
    object-assign "^4.1.1"
    prop-types "^15.6.2"

regenerator-runtime@^0.11.0:
  version "0.11.1"
  resolved "https://registry.npmjs.org/regenerator-runtime/-/regenerator-runtime-0.11.1.tgz#be05ad7f9bf7d22e056f9726cee5017fbf19e2e9"
  integrity sha512-MguG95oij0fC3QV3URf4V2SDYGJhJnJGqvIIgdECeODCT98wSWDAJ94SSuVpYQUoTcGUIL6L4yNB7j1DFFHSBg==

regenerator-runtime@^0.13.4:
  version "0.13.5"
  resolved "https://registry.npmjs.org/regenerator-runtime/-/regenerator-runtime-0.13.5.tgz#d878a1d094b4306d10b9096484b33ebd55e26697"
  integrity sha512-ZS5w8CpKFinUzOwW3c83oPeVXoNsrLsaCoLtJvAClH135j/R77RuymhiSErhm2lKcwSCIpmvIWSbDkIfAqKQlA==

resize-observer-polyfill@^1.5.0, resize-observer-polyfill@^1.5.1:
  version "1.5.1"
  resolved "https://registry.npmjs.org/resize-observer-polyfill/-/resize-observer-polyfill-1.5.1.tgz#0e9020dd3d21024458d4ebd27e23e40269810464"
  integrity sha512-LwZrotdHOo12nQuZlHEmtuXdqGoOD0OhaxopaNFxWzInpEgaLWoVuAMbTzixuosCx2nEG58ngzW3vxdWoxIgdg==

scheduler@^0.19.1:
  version "0.19.1"
  resolved "https://registry.npmjs.org/scheduler/-/scheduler-0.19.1.tgz#4f3e2ed2c1a7d65681f4c854fa8c5a1ccb40f196"
  integrity sha512-n/zwRWRYSUj0/3g/otKDRPMh6qv2SYMWNq85IEa8iZyAv8od9zDYpGSnpBEjNgcMNq6Scbu5KfIPxNF72R/2EA==
  dependencies:
    loose-envify "^1.1.0"
    object-assign "^4.1.1"

scroll-into-view-if-needed@^2.2.25:
  version "2.2.25"
  resolved "https://registry.npmjs.org/scroll-into-view-if-needed/-/scroll-into-view-if-needed-2.2.25.tgz#117b7bc7c61bc7a2b7872a0984bc73a19bc6e961"
  integrity sha512-C8RKJPq9lK7eubwGpLbUkw3lklcG3Ndjmea2PyauzrA0i4DPlzAmVMGxaZrBFqCrVLfvJmP80IyHnv4jxvg1OQ==
  dependencies:
    compute-scroll-into-view "^1.0.14"

shallowequal@^1.0.2, shallowequal@^1.1.0:
  version "1.1.0"
  resolved "https://registry.npmjs.org/shallowequal/-/shallowequal-1.1.0.tgz#188d521de95b9087404fd4dcb68b13df0ae4e7f8"
  integrity sha512-y0m1JoUZSlPAjXVtPPW70aZWfIL/dSP7AFkRnniLCrK/8MDKog3TySTBmckD+RObVxH0v4Tox67+F14PdED2oQ==

source-map-support@^0.5.17:
  version "0.5.19"
  resolved "https://registry.npmjs.org/source-map-support/-/source-map-support-0.5.19.tgz#a98b62f86dcaf4f67399648c085291ab9e8fed61"
  integrity sha512-Wonm7zOCIJzBGQdB+thsPar0kYuCIzYvxZwlBa87yi/Mdjv7Tip2cyVbLj5o0cFPN4EVkuTwb3GDDyUx2DGnGw==
  dependencies:
    buffer-from "^1.0.0"
    source-map "^0.6.0"

source-map@^0.6.0:
  version "0.6.1"
  resolved "https://registry.npmjs.org/source-map/-/source-map-0.6.1.tgz#74722af32e9614e9c287a8d0bbde48b5e2f1a263"
  integrity sha512-UjgapumWlbMhkBgzT7Ykc5YXUT46F0iKu8SGXq0bcwP5dz/h0Plj6enJqjz1Zbq2l5WaqYnrVbwWOWMyF3F47g==

string-convert@^0.2.0:
  version "0.2.1"
  resolved "https://registry.npmjs.org/string-convert/-/string-convert-0.2.1.tgz#6982cc3049fbb4cd85f8b24568b9d9bf39eeff97"
  integrity sha1-aYLMMEn7tM2F+LJFaLnZvznu/5c=

tinycolor2@^1.4.1:
  version "1.4.1"
  resolved "https://registry.npmjs.org/tinycolor2/-/tinycolor2-1.4.1.tgz#f4fad333447bc0b07d4dc8e9209d8f39a8ac77e8"
  integrity sha1-9PrTM0R7wLB9TcjpIJ2POaisd+g=

toggle-selection@^1.0.6:
  version "1.0.6"
  resolved "https://registry.npmjs.org/toggle-selection/-/toggle-selection-1.0.6.tgz#6e45b1263f2017fa0acc7d89d78b15b8bf77da32"
  integrity sha1-bkWxJj8gF/oKzH2J14sVuL932jI=

ts-node@^8.10.2:
  version "8.10.2"
  resolved "https://registry.npmjs.org/ts-node/-/ts-node-8.10.2.tgz#eee03764633b1234ddd37f8db9ec10b75ec7fb8d"
  integrity sha512-ISJJGgkIpDdBhWVu3jufsWpK3Rzo7bdiIXJjQc0ynKxVOVcg2oIrf2H2cejminGrptVc6q6/uynAHNCuWGbpVA==
  dependencies:
    arg "^4.1.0"
    diff "^4.0.1"
    make-error "^1.1.1"
    source-map-support "^0.5.17"
    yn "3.1.1"

typescript@^3.9.5:
  version "3.9.5"
  resolved "https://registry.npmjs.org/typescript/-/typescript-3.9.5.tgz#586f0dba300cde8be52dd1ac4f7e1009c1b13f36"
  integrity sha512-hSAifV3k+i6lEoCJ2k6R2Z/rp/H3+8sdmcn5NrS3/3kE7+RyZXm9aqvxWqjEXHAd8b0pShatpcdMTvEdvAJltQ==

warning@^4.0.1, warning@^4.0.3:
  version "4.0.3"
  resolved "https://registry.npmjs.org/warning/-/warning-4.0.3.tgz#16e9e077eb8a86d6af7d64aa1e05fd85b4678ca3"
  integrity sha512-rpJyN222KWIvHJ/F53XSZv0Zl/accqHR8et1kpaMTD/fLCRxtV8iX8czMzY7sVZupTI3zcUTg8eycS2kNF9l6w==
  dependencies:
    loose-envify "^1.0.0"

yn@3.1.1:
  version "3.1.1"
  resolved "https://registry.npmjs.org/yn/-/yn-3.1.1.tgz#1e87401a09d767c1d5eab26a6e4c185182d2eb50"
  integrity sha512-Ux4ygGWsu2c7isFWe8Yu1YluJmqVhxqK2cLXNQA5AcC3QfbGNpM7fu0Y8b/z16pXLnFxZYvWhd3fhBY9DLmC6Q==
