# THIS IS AN AUTOGENERATED FILE. DO NOT EDIT THIS FILE DIRECTLY.
# yarn lockfile v1


"@ant-design/colors@^3.1.0":
  version "3.2.2"
  resolved "https://registry.npmjs.org/@ant-design/colors/-/colors-3.2.2.tgz#5ad43d619e911f3488ebac303d606e66a8423903"
  integrity sha512-YKgNbG2dlzqMhA9NtI3/pbY16m3Yl/EeWBRa+lB1X1YaYxHrxNexiQYCLTWO/uDvAjLFMEDU+zR901waBtMtjQ==
  dependencies:
    tinycolor2 "^1.4.1"

"@ant-design/colors@^4.0.5":
  version "4.0.5"
  resolved "https://registry.npmjs.org/@ant-design/colors/-/colors-4.0.5.tgz#d7d100d7545cca8f624954604a6892fc48ba5aae"
  integrity sha512-3mnuX2prnWOWvpFTS2WH2LoouWlOgtnIpc6IarWN6GOzzLF8dW/U8UctuvIPhoboETehZfJ61XP+CGakBEPJ3Q==
  dependencies:
    tinycolor2 "^1.4.1"

"@ant-design/css-animation@^1.7.2":
  version "1.7.3"
  resolved "https://registry.npmjs.org/@ant-design/css-animation/-/css-animation-1.7.3.tgz#60a1c970014e86b28f940510d69e503e428f1136"
  integrity sha512-LrX0OGZtW+W6iLnTAqnTaoIsRelYeuLZWsrmBJFUXDALQphPsN8cE5DCsmoSlL0QYb94BQxINiuS70Ar/8BNgA==

"@ant-design/icons-svg@^4.0.0":
  version "4.1.0"
  resolved "https://registry.npmjs.org/@ant-design/icons-svg/-/icons-svg-4.1.0.tgz#480b025f4b20ef7fe8f47d4a4846e4fee84ea06c"
  integrity sha512-Fi03PfuUqRs76aI3UWYpP864lkrfPo0hluwGqh7NJdLhvH4iRDc3jbJqZIvRDLHKbXrvAfPPV3+zjUccfFvWOQ==

"@ant-design/icons@^4.2.1", "@ant-design/icons@^4.2.2":
  version "4.2.2"
  resolved "https://registry.npmjs.org/@ant-design/icons/-/icons-4.2.2.tgz#6533c5a02aec49238ec4748074845ad7d85a4f5e"
  integrity sha512-DrVV+wcupnHS7PehJ6KiTcJtAR5c25UMgjGECCc6pUT9rsvw0AuYG+a4HDjfxEQuDqKTHwW+oX/nIvCymyLE8Q==
  dependencies:
    "@ant-design/colors" "^3.1.0"
    "@ant-design/icons-svg" "^4.0.0"
    "@babel/runtime" "^7.10.4"
    classnames "^2.2.6"
    insert-css "^2.0.0"
    rc-util "^5.0.1"

"@ant-design/react-slick@~0.27.0":
  version "0.27.11"
  resolved "https://registry.npmjs.org/@ant-design/react-slick/-/react-slick-0.27.11.tgz#ce788312ed8e64fcba2f7bb4556f47486b407c6e"
  integrity sha512-KPJ1lleHW11bameFauI77Lb9N7O/4ulT1kplVdRQykWLv3oKVSGKVaekC3DM/Z0MYmKfCXCucpFnfgGMEHNM+w==
  dependencies:
    "@babel/runtime" "^7.10.4"
    classnames "^2.2.5"
    json2mq "^0.2.0"
    lodash "^4.17.15"
    resize-observer-polyfill "^1.5.0"

"@babel/runtime@^7.10.1", "@babel/runtime@^7.10.2", "@babel/runtime@^7.10.4", "@babel/runtime@^7.11.1", "@babel/runtime@^7.11.2", "@babel/runtime@^7.8.4":
  version "7.12.0"
  resolved "https://registry.npmjs.org/@babel/runtime/-/runtime-7.12.0.tgz#98bd7666186969c04be893d747cf4a6c6c8fa6b0"
  integrity sha512-lS4QLXQ2Vbw2ubfQjeQcn+BZgZ5+ROHW9f+DWjEp5Y+NHYmkRGKqHSJ1tuhbUauKu2nhZNTBIvsIQ8dXfY5Gjw==
  dependencies:
    regenerator-runtime "^0.13.4"

"@types/prop-types@*":
  version "15.7.3"
  resolved "https://registry.npmjs.org/@types/prop-types/-/prop-types-15.7.3.tgz#2ab0d5da2e5815f94b0b9d4b95d1e5f243ab2ca7"
  integrity sha512-KfRL3PuHmqQLOG+2tGpRO26Ctg+Cq1E01D2DMriKEATHgWLfeNDmq9e29Q9WIky0dQ3NPkd1mzYH8Lm936Z9qw==

"@types/react-dom@^16.9.8":
  version "16.9.8"
  resolved "https://registry.npmjs.org/@types/react-dom/-/react-dom-16.9.8.tgz#fe4c1e11dfc67155733dfa6aa65108b4971cb423"
  integrity sha512-ykkPQ+5nFknnlU6lDd947WbQ6TE3NNzbQAkInC2EKY1qeYdTKp7onFusmYZb+ityzx2YviqT6BXSu+LyWWJwcA==
  dependencies:
    "@types/react" "*"

"@types/react@*", "@types/react@^16.9.52":
  version "16.9.52"
  resolved "https://registry.npmjs.org/@types/react/-/react-16.9.52.tgz#c46c72d1a1d8d9d666f4dd2066c0e22600ccfde1"
  integrity sha512-EHRjmnxiNivwhGdMh9sz1Yw9AUxTSZFxKqdBWAAzyZx3sufWwx6ogqHYh/WB1m/I4ZpjkoZLExF5QTy2ekVi/Q==
  dependencies:
    "@types/prop-types" "*"
    csstype "^3.0.2"

add-dom-event-listener@^1.1.0:
  version "1.1.0"
  resolved "https://registry.npmjs.org/add-dom-event-listener/-/add-dom-event-listener-1.1.0.tgz#6a92db3a0dd0abc254e095c0f1dc14acbbaae310"
  integrity sha512-WCxx1ixHT0GQU9hb0KI/mhgRQhnU+U3GvwY6ZvVjYq8rsihIGoaIOUbY0yMPBxLH5MDtr0kz3fisWGNcbWW7Jw==
  dependencies:
    object-assign "4.x"

antd@^4.7.0:
  version "4.7.0"
  resolved "https://registry.npmjs.org/antd/-/antd-4.7.0.tgz#84527b3306b91af1784c37d5e0e311960f92f3ba"
  integrity sha512-qXXgclUmx6InkNce5BsIie9GR/39FGsVikwTMObofnVVALv+uOLH4D14reX7K50QldDXHZ7jIPU1JTkcNgtBoA==
  dependencies:
    "@ant-design/colors" "^4.0.5"
    "@ant-design/css-animation" "^1.7.2"
    "@ant-design/icons" "^4.2.1"
    "@ant-design/react-slick" "~0.27.0"
    "@babel/runtime" "^7.11.2"
    array-tree-filter "^2.1.0"
    classnames "^2.2.6"
    copy-to-clipboard "^3.2.0"
    lodash "^4.17.20"
    moment "^2.25.3"
    omit.js "^2.0.2"
    raf "^3.4.1"
    rc-animate "~3.1.0"
    rc-cascader "~1.4.0"
    rc-checkbox "~2.3.0"
    rc-collapse "~2.0.0"
    rc-dialog "~8.4.0"
    rc-drawer "~4.1.0"
    rc-dropdown "~3.2.0"
    rc-field-form "~1.12.0"
    rc-image "~3.2.1"
    rc-input-number "~6.1.0"
    rc-mentions "~1.5.0"
    rc-menu "~8.7.1"
    rc-motion "^2.2.0"
    rc-notification "~4.5.2"
    rc-pagination "~3.1.0"
    rc-picker "~2.3.0"
    rc-progress "~3.1.0"
    rc-rate "~2.8.2"
    rc-resize-observer "^0.2.3"
    rc-select "~11.4.0"
    rc-slider "~9.5.2"
    rc-steps "~4.1.0"
    rc-switch "~3.2.0"
    rc-table "~7.10.0"
    rc-tabs "~11.6.0"
    rc-textarea "~0.3.0"
    rc-tooltip "~5.0.0"
    rc-tree "~3.10.0"
    rc-tree-select "~4.1.1"
    rc-trigger "~5.0.3"
    rc-upload "~3.3.1"
    rc-util "^5.1.0"
    scroll-into-view-if-needed "^2.2.25"
    warning "^4.0.3"

arg@^4.1.0:
  version "4.1.3"
  resolved "https://registry.npmjs.org/arg/-/arg-4.1.3.tgz#269fc7ad5b8e42cb63c896d5666017261c144089"
  integrity sha512-58S9QDqG0Xx27YwPSt9fJxivjYl432YCwfDMfZ+71RAqUrZef7LrKQZ3LHLOwCS4FLNBplP533Zx895SeOCHvA==

array-tree-filter@^2.1.0:
  version "2.1.0"
  resolved "https://registry.npmjs.org/array-tree-filter/-/array-tree-filter-2.1.0.tgz#873ac00fec83749f255ac8dd083814b4f6329190"
  integrity sha512-4ROwICNlNw/Hqa9v+rk5h22KjmzB1JGTMVKP2AKJBOCgb0yL0ASf0+YvCcLNNwquOHNX48jkeZIJ3a+oOQqKcw==

async-validator@^3.0.3:
  version "3.4.0"
  resolved "https://registry.npmjs.org/async-validator/-/async-validator-3.4.0.tgz#871b3e594124bf4c4eb7bcd1a9e78b44f3b09cae"
  integrity sha512-VrFk4eYiJAWKskEz115iiuCf9O0ftnMMPXrOFMqyzGH2KxO7YwncKyn/FgOOP+0MDHMfXL7gLExagCutaZGigA==

buffer-from@^1.0.0:
  version "1.1.1"
  resolved "https://registry.npmjs.org/buffer-from/-/buffer-from-1.1.1.tgz#32713bc028f75c02fdb710d7c7bcec1f2c6070ef"
  integrity sha512-MQcXEUbCKtEo7bhqEs6560Hyd4XaovZlO/k9V3hjVUF/zwW7KBVdSK4gIt/bzwS9MbR5qob+F5jusZsb0YQK2A==

classnames@2.x, classnames@^2.2.1, classnames@^2.2.3, classnames@^2.2.5, classnames@^2.2.6:
  version "2.2.6"
  resolved "https://registry.npmjs.org/classnames/-/classnames-2.2.6.tgz#43935bffdd291f326dad0a205309b38d00f650ce"
  integrity sha512-JR/iSQOSt+LQIWwrwEzJ9uk0xfN3mTVYMwt1Ir5mUcSN6pU+V4zQFFaJsclJbPuAUQH+yfWef6tm7l1quW3C8Q==

compute-scroll-into-view@^1.0.16:
  version "1.0.16"
  resolved "https://registry.npmjs.org/compute-scroll-into-view/-/compute-scroll-into-view-1.0.16.tgz#5b7bf4f7127ea2c19b750353d7ce6776a90ee088"
  integrity sha512-a85LHKY81oQnikatZYA90pufpZ6sQx++BoCxOEMsjpZx+ZnaKGQnCyCehTRr/1p9GBIAHTjcU9k71kSYWloLiQ==

copy-to-clipboard@^3.2.0:
  version "3.3.1"
  resolved "https://registry.npmjs.org/copy-to-clipboard/-/copy-to-clipboard-3.3.1.tgz#115aa1a9998ffab6196f93076ad6da3b913662ae"
  integrity sha512-i13qo6kIHTTpCm8/Wup+0b1mVWETvu2kIMzKoK8FpkLkFxlt0znUAHcMzox+T8sPlqtZXq3CulEjQHsYiGFJUw==
  dependencies:
    toggle-selection "^1.0.6"

csstype@^3.0.2:
  version "3.0.3"
  resolved "https://registry.npmjs.org/csstype/-/csstype-3.0.3.tgz#2b410bbeba38ba9633353aff34b05d9755d065f8"
  integrity sha512-jPl+wbWPOWJ7SXsWyqGRk3lGecbar0Cb0OvZF/r/ZU011R4YqiRehgkQ9p4eQfo9DSDLqLL3wHwfxeJiuIsNag==

date-fns@^2.15.0:
  version "2.16.1"
  resolved "https://registry.npmjs.org/date-fns/-/date-fns-2.16.1.tgz#05775792c3f3331da812af253e1a935851d3834b"
  integrity sha512-sAJVKx/FqrLYHAQeN7VpJrPhagZc9R4ImZIWYRFZaaohR3KzmuK88touwsSwSVT8Qcbd4zoDsnGfX4GFB4imyQ==

dayjs@^1.8.30:
  version "1.9.3"
  resolved "https://registry.npmjs.org/dayjs/-/dayjs-1.9.3.tgz#b7f94b22ad2a136a4ca02a01ab68ae893fe1a268"
  integrity sha512-V+1SyIvkS+HmNbN1G7A9+ERbFTV9KTXu6Oor98v2xHmzzpp52OIJhQuJSTywWuBY5pyAEmlwbCi1Me87n/SLOw==

diff@^4.0.1:
  version "4.0.2"
  resolved "https://registry.npmjs.org/diff/-/diff-4.0.2.tgz#60f3aecb89d5fae520c11aa19efc2bb982aade7d"
  integrity sha512-58lmxKSA4BNyLz+HHMUzlOEpg09FV+ev6ZMe3vJihgdxzgcwZ8VoEEPmALCZG9LmqfVoNMMKpttIYTVG6uDY7A==

dom-align@^1.7.0:
  version "1.12.0"
  resolved "https://registry.npmjs.org/dom-align/-/dom-align-1.12.0.tgz#56fb7156df0b91099830364d2d48f88963f5a29c"
  integrity sha512-YkoezQuhp3SLFGdOlr5xkqZ640iXrnHAwVYcDg8ZKRUtO7mSzSC2BA5V0VuyAwPSJA4CLIc6EDDJh4bEsD2+zA==

hoist-non-react-statics@^3.3.2:
  version "3.3.2"
  resolved "https://registry.npmjs.org/hoist-non-react-statics/-/hoist-non-react-statics-3.3.2.tgz#ece0acaf71d62c2969c2ec59feff42a4b1a85b45"
  integrity sha512-/gGivxi8JPKWNm/W0jSmzcMPpfpPLc3dY/6GxhX2hQ9iGj3aDfklV4ET7NjKpSinLpJ5vafa9iiGIEZg10SfBw==
  dependencies:
    react-is "^16.7.0"

insert-css@^2.0.0:
  version "2.0.0"
  resolved "https://registry.npmjs.org/insert-css/-/insert-css-2.0.0.tgz#eb5d1097b7542f4c79ea3060d3aee07d053880f4"
  integrity sha1-610Ql7dUL0x56jBg067gfQU4gPQ=

"js-tokens@^3.0.0 || ^4.0.0":
  version "4.0.0"
  resolved "https://registry.npmjs.org/js-tokens/-/js-tokens-4.0.0.tgz#19203fb59991df98e3a287050d4647cdeaf32499"
  integrity sha512-RdJUflcE3cUzKiMqQgsCu06FPu9UdIJO0beYbPhHN4k6apgJtifcoCtT9bcxOpYBtpD2kCM6Sbzg4CausW/PKQ==

json2mq@^0.2.0:
  version "0.2.0"
  resolved "https://registry.npmjs.org/json2mq/-/json2mq-0.2.0.tgz#b637bd3ba9eabe122c83e9720483aeb10d2c904a"
  integrity sha1-tje9O6nqvhIsg+lyBIOusQ0skEo=
  dependencies:
    string-convert "^0.2.0"

lodash@^4.17.15, lodash@^4.17.20:
  version "4.17.20"
  resolved "https://registry.npmjs.org/lodash/-/lodash-4.17.20.tgz#b44a9b6297bcb698f1c51a3545a2b3b368d59c52"
  integrity sha512-PlhdFcillOINfeV7Ni6oF1TAEayyZBoZ8bcshTHqOYJYlrqzRK5hagpagky5o4HfCzzd1TRkXPMFq6cKk9rGmA==

loose-envify@^1.0.0, loose-envify@^1.1.0, loose-envify@^1.4.0:
  version "1.4.0"
  resolved "https://registry.npmjs.org/loose-envify/-/loose-envify-1.4.0.tgz#71ee51fa7be4caec1a63839f7e682d8132d30caf"
  integrity sha512-lyuxPGr/Wfhrlem2CL/UcnUc1zcqKAImBDzukY7Y5F/yQiNdko6+fRLevlw1HgMySw7f611UIY408EtxRSoK3Q==
  dependencies:
    js-tokens "^3.0.0 || ^4.0.0"

make-error@^1.1.1:
  version "1.3.6"
  resolved "https://registry.npmjs.org/make-error/-/make-error-1.3.6.tgz#2eb2e37ea9b67c4891f684a1394799af484cf7a2"
  integrity sha512-s8UhlNe7vPKomQhC1qFelMokr/Sc3AgNbso3n74mVPA5LTZwkB9NlXf4XPamLxJE8h0gh73rM94xvwRT2CVInw==

mini-store@^3.0.1:
  version "3.0.6"
  resolved "https://registry.npmjs.org/mini-store/-/mini-store-3.0.6.tgz#44b86be5b2877271224ce0689b3a35a2dffb1ca9"
  integrity sha512-YzffKHbYsMQGUWQRKdsearR79QsMzzJcDDmZKlJBqt5JNkqpyJHYlK6gP61O36X+sLf76sO9G6mhKBe83gIZIQ==
  dependencies:
    hoist-non-react-statics "^3.3.2"
    shallowequal "^1.0.2"

moment@^2.24.0, moment@^2.25.3:
  version "2.29.1"
  resolved "https://registry.npmjs.org/moment/-/moment-2.29.1.tgz#b2be769fa31940be9eeea6469c075e35006fa3d3"
  integrity sha512-kHmoybcPV8Sqy59DwNDY3Jefr64lK/by/da0ViFcuA4DH0vQg5Q6Ze5VimxkfQNSC+Mls/Kx53s7TjP1RhFEDQ==

object-assign@4.x, object-assign@^4.1.1:
  version "4.1.1"
  resolved "https://registry.npmjs.org/object-assign/-/object-assign-4.1.1.tgz#2109adc7965887cfc05cbbd442cac8bfbb360863"
  integrity sha1-IQmtx5ZYh8/AXLvUQsrIv7s2CGM=

omit.js@^2.0.0, omit.js@^2.0.2:
  version "2.0.2"
  resolved "https://registry.npmjs.org/omit.js/-/omit.js-2.0.2.tgz#dd9b8436fab947a5f3ff214cb2538631e313ec2f"
  integrity sha512-hJmu9D+bNB40YpL9jYebQl4lsTW6yEHRTroJzNLqQJYHm7c+NQnJGfZmIWh8S3q3KoaxV1aLhV6B3+0N0/kyJg==

performance-now@^2.1.0:
  version "2.1.0"
  resolved "https://registry.npmjs.org/performance-now/-/performance-now-2.1.0.tgz#6309f4e0e5fa913ec1c69307ae364b4b377c9e7b"
  integrity sha1-Ywn04OX6kT7BxpMHrjZLSzd8nns=

prop-types@^15.5.10, prop-types@^15.6.2:
  version "15.7.2"
  resolved "https://registry.npmjs.org/prop-types/-/prop-types-15.7.2.tgz#52c41e75b8c87e72b9d9360e0206b99dcbffa6c5"
  integrity sha512-8QQikdH7//R2vurIJSutZ1smHYTcLpRWEOlHnzcWHmBYrOGUysKwSsrC89BCiFj3CbrfJ/nXFdJepOVrY1GCHQ==
  dependencies:
    loose-envify "^1.4.0"
    object-assign "^4.1.1"
    react-is "^16.8.1"

raf@^3.4.0, raf@^3.4.1:
  version "3.4.1"
  resolved "https://registry.npmjs.org/raf/-/raf-3.4.1.tgz#0742e99a4a6552f445d73e3ee0328af0ff1ede39"
  integrity sha512-Sq4CW4QhwOHE8ucn6J34MqtZCeWFP2aQSmrlroYgqAV1PjStIhJXxYuTgUIfkEk7zTLjmIjLmU5q+fbD1NnOJA==
  dependencies:
    performance-now "^2.1.0"

rc-align@^4.0.0:
  version "4.0.8"
  resolved "https://registry.npmjs.org/rc-align/-/rc-align-4.0.8.tgz#276c3f5dfadf0de4bb95392cb81568c9e947a668"
  integrity sha512-2sRUkmB8z4UEXzaS+lDHzXMoR8HrtKH9nn2yHlHVNyUTnaucjMFbdEoCk+hO1g7cpIgW0MphG8i0EH2scSesfw==
  dependencies:
    "@babel/runtime" "^7.10.1"
    classnames "2.x"
    dom-align "^1.7.0"
    rc-util "^5.3.0"
    resize-observer-polyfill "^1.5.1"

rc-animate@3.x, rc-animate@~3.1.0:
  version "3.1.1"
  resolved "https://registry.npmjs.org/rc-animate/-/rc-animate-3.1.1.tgz#defdd863f56816c222534e4dc68feddecd081386"
  integrity sha512-8wg2Zg3EETy0k/9kYuis30NJNQg1D6/WSQwnCiz6SvyxQXNet/rVraRz3bPngwY6rcU2nlRvoShiYOorXyF7Sg==
  dependencies:
    "@ant-design/css-animation" "^1.7.2"
    classnames "^2.2.6"
    raf "^3.4.0"
    rc-util "^4.15.3"

rc-cascader@~1.4.0:
  version "1.4.0"
  resolved "https://registry.npmjs.org/rc-cascader/-/rc-cascader-1.4.0.tgz#d731ea8e07433558627941036091a2820e895474"
  integrity sha512-6kgQljDQEKjVAVRkZtvvoi+2qv4u42M6oLuvt4ZDBa16r3X9ZN8TAq3atVyC840ivbGKlHT50OcdVx/iwiHc1w==
  dependencies:
    array-tree-filter "^2.1.0"
    rc-trigger "^5.0.4"
    rc-util "^5.0.1"
    warning "^4.0.1"

rc-checkbox@~2.3.0:
  version "2.3.1"
  resolved "https://registry.npmjs.org/rc-checkbox/-/rc-checkbox-2.3.1.tgz#2a61bc43017c783bd2e9f1a67553bf8efe7aa4d3"
  integrity sha512-i290/iTqmZ0WtI2UPIryqT9rW6O99+an4KeZIyZDH3r+Jbb6YdddaWNdzq7g5m9zaNhJvgjf//wJtC4fvve2Tg==
  dependencies:
    "@babel/runtime" "^7.10.1"
    classnames "^2.2.1"

rc-collapse@~2.0.0:
  version "2.0.1"
  resolved "https://registry.npmjs.org/rc-collapse/-/rc-collapse-2.0.1.tgz#99e7655acd9c237b72369a39dcb5c713451e1e92"
  integrity sha512-sRNqwQovzQoptTh7dCwj3kfxrdor2oNXrGSBz+QJxSFS7N3Ujgf8X/KlN2ElCkwBKf7nNv36t9dwH0HEku4wJg==
  dependencies:
    "@ant-design/css-animation" "^1.7.2"
    classnames "2.x"
    rc-animate "3.x"
    rc-util "^5.2.1"
    shallowequal "^1.1.0"

rc-dialog@~8.4.0:
  version "8.4.2"
  resolved "https://registry.npmjs.org/rc-dialog/-/rc-dialog-8.4.2.tgz#59a78a8147b4becfa323da6350f6b64847030f7b"
  integrity sha512-8JZcJn2uJyC1pXCOsVQZH2z6norAF7NFVQ+2K0Ej83+YAZ0ZsxDDQuJGyBfnAi5M1pGJ4o+ETgSpj7VLXNwHDQ==
  dependencies:
    "@babel/runtime" "^7.10.1"
    classnames "^2.2.6"
    rc-motion "^2.3.0"
    rc-util "^5.0.1"

rc-drawer@~4.1.0:
  version "4.1.0"
  resolved "https://registry.npmjs.org/rc-drawer/-/rc-drawer-4.1.0.tgz#d7bf0bc030300b62d282bc04e053b9acad6b08b4"
  integrity sha512-kjeQFngPjdzAFahNIV0EvEBoIKMOnvUsAxpkSPELoD/1DuR4nLafom5ryma+TIxGwkFJ92W6yjsMi1U9aiOTeQ==
  dependencies:
    "@babel/runtime" "^7.10.1"
    classnames "^2.2.6"
    rc-util "^5.0.1"

rc-dropdown@^3.1.3, rc-dropdown@~3.2.0:
  version "3.2.0"
  resolved "https://registry.npmjs.org/rc-dropdown/-/rc-dropdown-3.2.0.tgz#da6c2ada403842baee3a9e909a0b1a91ba3e1090"
  integrity sha512-j1HSw+/QqlhxyTEF6BArVZnTmezw2LnSmRk6I9W7BCqNCKaRwleRmMMs1PHbuaG8dKHVqP6e21RQ7vPBLVnnNw==
  dependencies:
    "@babel/runtime" "^7.10.1"
    classnames "^2.2.6"
    rc-trigger "^5.0.4"

rc-field-form@~1.12.0:
  version "1.12.1"
  resolved "https://registry.npmjs.org/rc-field-form/-/rc-field-form-1.12.1.tgz#e7f5dc5cc5a267420fd50e1e3ae3352e650c1425"
  integrity sha512-c09NVEoGFtwqpTJH4Tw1D8UUitKrrTCW2UAFcJ57FHTg5zReozzgjrrv3UiKDVjbbFzikDLdYz3CzdWMlqVHXg==
  dependencies:
    "@babel/runtime" "^7.8.4"
    async-validator "^3.0.3"
    rc-util "^5.0.0"

rc-image@~3.2.1:
  version "3.2.2"
  resolved "https://registry.npmjs.org/rc-image/-/rc-image-3.2.2.tgz#5d2b7d474dd01ea7af2cbc84fe6af3de8905b3fe"
  integrity sha512-8D1pj4qTdC93IfeTPstGFBwpDRZPC565emm4VevrtyFoD9QHBF6kp9kOtzk0JAmbybLAQuX4GGNcwoc7tbZ9Zw==
  dependencies:
    "@ant-design/icons" "^4.2.2"
    "@babel/runtime" "^7.11.2"
    classnames "^2.2.6"
    rc-dialog "~8.4.0"
    rc-util "^5.0.6"

rc-input-number@~6.1.0:
  version "6.1.1"
  resolved "https://registry.npmjs.org/rc-input-number/-/rc-input-number-6.1.1.tgz#818c426942d1b4dc4d6d2639d741ca67773a9118"
  integrity sha512-9t2xf1G0YEism7FAXAvF1huBk7ZNABPBf6NL+3/aDL123WiT/vhhod4cldiDWTM1Yb2EDKR//ZIa546ScdsUaA==
  dependencies:
    "@babel/runtime" "^7.10.1"
    classnames "^2.2.5"
    rc-util "^5.0.1"

rc-mentions@~1.5.0:
  version "1.5.2"
  resolved "https://registry.npmjs.org/rc-mentions/-/rc-mentions-1.5.2.tgz#94559a369de73e7cc92f343badaf94499fb410a7"
  integrity sha512-GqV0tOtHY3pLpOsFCxJ2i6Ad8AVfxFmz0NlD/8rb8IG8pMpthJKcdfnXlNZRx3Fa9O4YEgJpdSY1WEbmlx2DWQ==
  dependencies:
    "@babel/runtime" "^7.10.1"
    classnames "^2.2.6"
    rc-menu "^8.0.1"
    rc-textarea "^0.3.0"
    rc-trigger "^5.0.4"
    rc-util "^5.0.1"

rc-menu@^8.0.1, rc-menu@^8.6.1:
  version "8.8.2"
  resolved "https://registry.npmjs.org/rc-menu/-/rc-menu-8.8.2.tgz#7293cb0c3d7c0730915662e15875cd2bbf2240d3"
  integrity sha512-QTPKA4QJ94k+eviXQX/ZzRRa7ukNU+25zo+ei1UXQmXKmodDA3KSMn0/KGaOfy2iWdyP1EqtUs4jHVL9jLV9Xg==
  dependencies:
    "@babel/runtime" "^7.10.1"
    classnames "2.x"
    mini-store "^3.0.1"
    omit.js "^2.0.0"
    rc-motion "^2.0.1"
    rc-trigger "^5.0.4"
    rc-util "^5.0.1"
    resize-observer-polyfill "^1.5.0"
    shallowequal "^1.1.0"

rc-menu@~8.7.1:
  version "8.7.1"
  resolved "https://registry.npmjs.org/rc-menu/-/rc-menu-8.7.1.tgz#f3dcaeb25308568a07871b79f8ddd9515a64e8be"
  integrity sha512-CuuJ9oS1oPAfenqAMa3CZZE7RrPcPTHV3310cf6RO2uJgE9ztqasRFMEBwtruH16OexTr0igTCXySm+e2/TBQg==
  dependencies:
    "@babel/runtime" "^7.10.1"
    classnames "2.x"
    mini-store "^3.0.1"
    omit.js "^2.0.0"
    rc-motion "^2.0.1"
    rc-trigger "^5.0.4"
    rc-util "^5.0.1"
    resize-observer-polyfill "^1.5.0"
    shallowequal "^1.1.0"

rc-motion@^2.0.0, rc-motion@^2.0.1, rc-motion@^2.2.0, rc-motion@^2.3.0:
  version "2.3.2"
  resolved "https://registry.npmjs.org/rc-motion/-/rc-motion-2.3.2.tgz#0c070b64e9f994af2fad2c1e0c36f28d38752d29"
  integrity sha512-F81I4WzFW6JkfxWfkMnzT1uY09YKIodM66zh+Xsi/2BqiT1ZdFZtd2HB9wqwXpofflpZj4x6bMG6dyJ+2o5Jvw==
  dependencies:
    "@babel/runtime" "^7.11.1"
    classnames "^2.2.1"
    rc-util "^5.2.1"

rc-notification@~4.5.2:
  version "4.5.2"
  resolved "https://registry.npmjs.org/rc-notification/-/rc-notification-4.5.2.tgz#7836fc04068e00a764fca944074101faa144d503"
  integrity sha512-rIgQip4BzUbHpDXDdNc2EFgIh1gxI97UjUbhU8hzdsjytBVstIEHXH36EgHTGllMkOhL9PkQOByg+mgV+I60ZQ==
  dependencies:
    "@babel/runtime" "^7.10.1"
    classnames "2.x"
    rc-motion "^2.2.0"
    rc-util "^5.0.1"

rc-pagination@~3.1.0:
  version "3.1.0"
  resolved "https://registry.npmjs.org/rc-pagination/-/rc-pagination-3.1.0.tgz#d5f53ba3c2fefe8b28658d8f57710bfe01ec3aad"
  integrity sha512-Q4AYECQbI1xK1o/wTWZRNibjgmHNg1gRO2Mo2G3Yn2fxa0Sg+yKFg/kDduJCceNML6TJNiWy8E8+cdt859insQ==
  dependencies:
    "@babel/runtime" "^7.10.1"
    classnames "^2.2.1"

rc-picker@~2.3.0:
  version "2.3.1"
  resolved "https://registry.npmjs.org/rc-picker/-/rc-picker-2.3.1.tgz#83e2c14b0150ef4319823b83e334b5dc4257508d"
  integrity sha512-/DHIP7bOmTAuJIivns89Z60AWkyN3jdUEuVWrd7hZLqpLBiWe0jrG6zjr84vQoeWQUo25DeNoxp6IJSwMk3jEg==
  dependencies:
    "@babel/runtime" "^7.10.1"
    classnames "^2.2.1"
    date-fns "^2.15.0"
    dayjs "^1.8.30"
    moment "^2.24.0"
    rc-trigger "^5.0.4"
    rc-util "^5.0.1"
    shallowequal "^1.1.0"

rc-progress@~3.1.0:
  version "3.1.0"
  resolved "https://registry.npmjs.org/rc-progress/-/rc-progress-3.1.0.tgz#cd4a5a7853db3e0c10918ad2c170688a68e3cebd"
  integrity sha512-DIe9CFkGA4R/pLZ/4nPChQFmIeB8/4tVCr2knlSf9he71j8Fky469zZHhtCFyNwvNGjw/GVDeoTn4BqU4S0ylw==
  dependencies:
    "@babel/runtime" "^7.10.1"
    classnames "^2.2.6"

rc-rate@~2.8.2:
  version "2.8.2"
  resolved "https://registry.npmjs.org/rc-rate/-/rc-rate-2.8.2.tgz#d82d237d74fd4aef3e0581d2700b646cdd1cd8a2"
  integrity sha512-f9T/D+ZwWQrWHkpidpQbnXpnVMGMC4eSRAkwuu88a8Qv1C/9LNc4AErazoh8tpnZBFqq19F3j0Glv+sDgkfEig==
  dependencies:
    "@babel/runtime" "^7.10.1"
    classnames "^2.2.5"
    rc-util "^5.0.1"

rc-resize-observer@^0.2.0, rc-resize-observer@^0.2.1, rc-resize-observer@^0.2.3:
  version "0.2.5"
  resolved "https://registry.npmjs.org/rc-resize-observer/-/rc-resize-observer-0.2.5.tgz#03e3a5c3dfccd6c996a547e4f82721e4f20f6156"
  integrity sha512-cc4sOI722MVoCkGf/ZZybDVsjxvnH0giyDdA7wBJLTiMSFJ0eyxBMnr0JLYoClxftjnr75Xzl/VUB3HDrAx04Q==
  dependencies:
    "@babel/runtime" "^7.10.1"
    classnames "^2.2.1"
    rc-util "^5.0.0"
    resize-observer-polyfill "^1.5.1"

rc-select@^11.1.1, rc-select@~11.4.0:
  version "11.4.1"
  resolved "https://registry.npmjs.org/rc-select/-/rc-select-11.4.1.tgz#361a962c6b39441aa3699b307fc67a117e69014a"
  integrity sha512-+qqN+43svFGgULXo6A9OADRdzq8xiWIU3ujfzqLN1C24WahZ5OXLBzxbPm9X29lZrnEDPD96D+1bY+pYJJE28g==
  dependencies:
    "@babel/runtime" "^7.10.1"
    classnames "2.x"
    rc-motion "^2.0.1"
    rc-trigger "^5.0.4"
    rc-util "^5.0.1"
    rc-virtual-list "^3.0.3"
    warning "^4.0.3"

rc-slider@~9.5.2:
  version "9.5.3"
  resolved "https://registry.npmjs.org/rc-slider/-/rc-slider-9.5.3.tgz#af118add1414df68dd353746004036cc2b839241"
  integrity sha512-ADatCsY9LUiPzm2v165/ZACmHrvhmDsmh8TpJtaAYB+xuRjLhlbFASZ11ZeuWPn8oMXT6L08OzNce4F3by/Ivw==
  dependencies:
    "@babel/runtime" "^7.10.1"
    classnames "^2.2.5"
    rc-tooltip "^5.0.1"
    rc-util "^5.0.0"
    shallowequal "^1.1.0"

rc-steps@~4.1.0:
  version "4.1.2"
  resolved "https://registry.npmjs.org/rc-steps/-/rc-steps-4.1.2.tgz#370f4c6b40d3888f03b271f1628953c66eb91c04"
  integrity sha512-kTPiojPtJi12Y7whRqlydRgJXQ1u9JlvGchI6xDrmOMZVpCTLpfc/18iu+aHCtCZaSnM2ENU/9lfm/naWVFcRw==
  dependencies:
    "@babel/runtime" "^7.10.2"
    classnames "^2.2.3"
    rc-util "^5.0.1"

rc-switch@~3.2.0:
  version "3.2.1"
  resolved "https://registry.npmjs.org/rc-switch/-/rc-switch-3.2.1.tgz#775f8b2c86716431d83d2b13e4710815baafede0"
  integrity sha512-ZXYSmx2U+bpHjljjqS5LGj2UIPcQk0EAq6japkaOzQ/OcyzMwWVD9oXMjcRZdO5W1g/pClIV70uEBOWuBMqP4g==
  dependencies:
    "@babel/runtime" "^7.10.1"
    classnames "^2.2.1"
    rc-util "^5.0.1"

rc-table@~7.10.0:
  version "7.10.2"
  resolved "https://registry.npmjs.org/rc-table/-/rc-table-7.10.2.tgz#4551b7de4e7c37ad2009589073e388e4bbf0e308"
  integrity sha512-I0ezeB0tSwocW4GCLwqLuNsJb9lqindNOMUfdEYDLhaB4eYoUzIfR5aCEmkkv+YrbWCsCby53iinHGIIgHERvg==
  dependencies:
    "@babel/runtime" "^7.10.1"
    classnames "^2.2.5"
    rc-resize-observer "^0.2.0"
    rc-util "^5.4.0"
    shallowequal "^1.1.0"

rc-tabs@~11.6.0:
  version "11.6.2"
  resolved "https://registry.npmjs.org/rc-tabs/-/rc-tabs-11.6.2.tgz#0732a3f6ef36a14343f9afe47df7f29971e8020b"
  integrity sha512-7Z5Lg+nP/H4V7dIlewrOC0+aogRVH3ASjTy4VIletYOeStGPWYSfwBnUTBdcCXcUuWuyyKnNkYrUD0yaRqUCIA==
  dependencies:
    "@babel/runtime" "^7.11.2"
    classnames "2.x"
    raf "^3.4.1"
    rc-dropdown "^3.1.3"
    rc-menu "^8.6.1"
    rc-resize-observer "^0.2.1"
    rc-util "^5.0.0"

rc-textarea@^0.3.0, rc-textarea@~0.3.0:
  version "0.3.0"
  resolved "https://registry.npmjs.org/rc-textarea/-/rc-textarea-0.3.0.tgz#9860ef797e00717d8227d1ef4ee7895dd9358ddf"
  integrity sha512-vrTPkPT6wrO7EI8ouLFZZLXA1pFVrVRCnkmyyf0yRComFbcH1ogmFEGu85CjVT96rQqAiQFOe0QV3nKopZOJow==
  dependencies:
    "@babel/runtime" "^7.10.1"
    classnames "^2.2.1"
    omit.js "^2.0.0"
    rc-resize-observer "^0.2.3"

rc-tooltip@^5.0.1, rc-tooltip@~5.0.0:
  version "5.0.1"
  resolved "https://registry.npmjs.org/rc-tooltip/-/rc-tooltip-5.0.1.tgz#b82c4259604d2cb62ca610ed7932dd37fc6ef61d"
  integrity sha512-3AnxhUS0j74xAV3khrKw8o6rg+Ima3nw09DJBezMPnX3ImQUAnayWsPSlN1mEnihjA43rcFkGM1emiKE+CXyMQ==
  dependencies:
    "@babel/runtime" "^7.11.2"
    rc-trigger "^5.0.0"

rc-tree-select@~4.1.1:
  version "4.1.2"
  resolved "https://registry.npmjs.org/rc-tree-select/-/rc-tree-select-4.1.2.tgz#bf012c3c32cf2e82fc7ffbdd60cb596163a290a0"
  integrity sha512-2tRwZ4ChY+BarVKHoPR65kSZtopgwKCig6ngJiiTVgYfRdAhfdQp2j2+L8YW9TkosYGmwgTOhmlphlG3QNy7Pg==
  dependencies:
    "@babel/runtime" "^7.10.1"
    classnames "2.x"
    rc-select "^11.1.1"
    rc-tree "^3.8.0"
    rc-util "^5.0.5"

rc-tree@^3.8.0, rc-tree@~3.10.0:
  version "3.10.0"
  resolved "https://registry.npmjs.org/rc-tree/-/rc-tree-3.10.0.tgz#897498b3756f6c84f41ad2b244ee9489abf43b7f"
  integrity sha512-kf7J/f2E2T8Kfta3/1BIg65AzTmXOgOjn0KOpvD3KI/gqkfKMRKUS1ybkxW39JUPpKwdeOHFnYH+nFFMq7tkfg==
  dependencies:
    "@babel/runtime" "^7.10.1"
    classnames "2.x"
    rc-motion "^2.0.1"
    rc-util "^5.0.0"
    rc-virtual-list "^3.0.1"

rc-trigger@^5.0.0, rc-trigger@^5.0.4, rc-trigger@~5.0.3:
  version "5.0.7"
  resolved "https://registry.npmjs.org/rc-trigger/-/rc-trigger-5.0.7.tgz#c2f6e988756c76f84b63ff1071e02affc56495ec"
  integrity sha512-4QzwHL0IaXmSZnMfJV45dR3Cy4XgsQy2m0LySBAFiZYaH5EN3qnq2lOtg5aU4T36g4146fHpfGa7mtJpCgkwhg==
  dependencies:
    "@babel/runtime" "^7.11.2"
    classnames "^2.2.6"
    rc-align "^4.0.0"
    rc-motion "^2.0.0"
    rc-util "^5.3.4"

rc-upload@~3.3.1:
  version "3.3.1"
  resolved "https://registry.npmjs.org/rc-upload/-/rc-upload-3.3.1.tgz#ad8658b2a796031930b35d2b07ab312b7cd4c9ed"
  integrity sha512-KWkJbVM9BwU8qi/2jZwmZpAcdRzDkuyfn/yAOLu+nm47dyd6//MtxzQD3XZDFkC6jQ6D5FmlKn6DhmOfV3v43w==
  dependencies:
    "@babel/runtime" "^7.10.1"
    classnames "^2.2.5"
    rc-util "^5.2.0"

rc-util@^4.15.3:
  version "4.21.1"
  resolved "https://registry.npmjs.org/rc-util/-/rc-util-4.21.1.tgz#88602d0c3185020aa1053d9a1e70eac161becb05"
  integrity sha512-Z+vlkSQVc1l8O2UjR3WQ+XdWlhj5q9BMQNLk2iOBch75CqPfrJyGtcWMcnhRlNuDu0Ndtt4kLVO8JI8BrABobg==
  dependencies:
    add-dom-event-listener "^1.1.0"
    prop-types "^15.5.10"
    react-is "^16.12.0"
    react-lifecycles-compat "^3.0.4"
    shallowequal "^1.1.0"

rc-util@^5.0.0, rc-util@^5.0.1, rc-util@^5.0.5, rc-util@^5.0.6, rc-util@^5.0.7, rc-util@^5.1.0, rc-util@^5.2.0, rc-util@^5.2.1, rc-util@^5.3.0, rc-util@^5.3.4, rc-util@^5.4.0:
  version "5.4.0"
  resolved "https://registry.npmjs.org/rc-util/-/rc-util-5.4.0.tgz#688eaeecfdae9dae2bfdf10bedbe884591dba004"
  integrity sha512-kXDn1JyLJTAWLBFt+fjkTcUtXhxKkipQCobQmxIEVrX62iXgo24z8YKoWehWfMxPZFPE+RXqrmEu9j5kHz/Lrg==
  dependencies:
    react-is "^16.12.0"
    shallowequal "^1.1.0"

rc-virtual-list@^3.0.1, rc-virtual-list@^3.0.3:
  version "3.2.0"
  resolved "https://registry.npmjs.org/rc-virtual-list/-/rc-virtual-list-3.2.0.tgz#21e70f42b22f510d38ceb1ba339b89b865686fcd"
  integrity sha512-NZb+Z4tGkfrCNXprVUlLJxoRVIELwLmlY5nHwiV3pj4eA9Of8thpQwtT+AomwcZjKhC7R/EDtpk2ATMJXX5s3Q==
  dependencies:
    classnames "^2.2.6"
    rc-resize-observer "^0.2.3"
    rc-util "^5.0.7"

react-dom@^16.14.0:
  version "16.14.0"
  resolved "https://registry.npmjs.org/react-dom/-/react-dom-16.14.0.tgz#7ad838ec29a777fb3c75c3a190f661cf92ab8b89"
  integrity sha512-1gCeQXDLoIqMgqD3IO2Ah9bnf0w9kzhwN5q4FGnHZ67hBm9yePzB5JJAIQCc8x3pFnNlwFq4RidZggNAAkzWWw==
  dependencies:
    loose-envify "^1.1.0"
    object-assign "^4.1.1"
    prop-types "^15.6.2"
    scheduler "^0.19.1"

react-is@^16.12.0, react-is@^16.7.0, react-is@^16.8.1:
  version "16.13.1"
  resolved "https://registry.npmjs.org/react-is/-/react-is-16.13.1.tgz#789729a4dc36de2999dc156dd6c1d9c18cea56a4"
  integrity sha512-24e6ynE2H+OKt4kqsOvNd8kBpV65zoxbA4BVsEOB3ARVWQki/DHzaUoC5KuON/BiccDaCCTZBuOcfZs70kR8bQ==

react-lifecycles-compat@^3.0.4:
  version "3.0.4"
  resolved "https://registry.npmjs.org/react-lifecycles-compat/-/react-lifecycles-compat-3.0.4.tgz#4f1a273afdfc8f3488a8c516bfda78f872352362"
  integrity sha512-fBASbA6LnOU9dOU2eW7aQ8xmYBSXUIWr+UmF9b1efZBazGNO+rcXT/icdKnYm2pTwcRylVUYwW7H1PHfLekVzA==

react@^16.14.0:
  version "16.14.0"
  resolved "https://registry.npmjs.org/react/-/react-16.14.0.tgz#94d776ddd0aaa37da3eda8fc5b6b18a4c9a3114d"
  integrity sha512-0X2CImDkJGApiAlcf0ODKIneSwBPhqJawOa5wCtKbu7ZECrmS26NvtSILynQ66cgkT/RJ4LidJOc3bUESwmU8g==
  dependencies:
    loose-envify "^1.1.0"
    object-assign "^4.1.1"
    prop-types "^15.6.2"

regenerator-runtime@^0.13.4:
  version "0.13.7"
  resolved "https://registry.npmjs.org/regenerator-runtime/-/regenerator-runtime-0.13.7.tgz#cac2dacc8a1ea675feaabaeb8ae833898ae46f55"
  integrity sha512-a54FxoJDIr27pgf7IgeQGxmqUNYrcV338lf/6gH456HZ/PhX+5BcwHXG9ajESmwe6WRO0tAzRUrRmNONWgkrew==

resize-observer-polyfill@^1.5.0, resize-observer-polyfill@^1.5.1:
  version "1.5.1"
  resolved "https://registry.npmjs.org/resize-observer-polyfill/-/resize-observer-polyfill-1.5.1.tgz#0e9020dd3d21024458d4ebd27e23e40269810464"
  integrity sha512-LwZrotdHOo12nQuZlHEmtuXdqGoOD0OhaxopaNFxWzInpEgaLWoVuAMbTzixuosCx2nEG58ngzW3vxdWoxIgdg==

scheduler@^0.19.1:
  version "0.19.1"
  resolved "https://registry.npmjs.org/scheduler/-/scheduler-0.19.1.tgz#4f3e2ed2c1a7d65681f4c854fa8c5a1ccb40f196"
  integrity sha512-n/zwRWRYSUj0/3g/otKDRPMh6qv2SYMWNq85IEa8iZyAv8od9zDYpGSnpBEjNgcMNq6Scbu5KfIPxNF72R/2EA==
  dependencies:
    loose-envify "^1.1.0"
    object-assign "^4.1.1"

scroll-into-view-if-needed@^2.2.25:
  version "2.2.26"
  resolved "https://registry.npmjs.org/scroll-into-view-if-needed/-/scroll-into-view-if-needed-2.2.26.tgz#e4917da0c820135ff65ad6f7e4b7d7af568c4f13"
  integrity sha512-SQ6AOKfABaSchokAmmaxVnL9IArxEnLEX9j4wAZw+x4iUTb40q7irtHG3z4GtAWz5veVZcCnubXDBRyLVQaohw==
  dependencies:
    compute-scroll-into-view "^1.0.16"

shallowequal@^1.0.2, shallowequal@^1.1.0:
  version "1.1.0"
  resolved "https://registry.npmjs.org/shallowequal/-/shallowequal-1.1.0.tgz#188d521de95b9087404fd4dcb68b13df0ae4e7f8"
  integrity sha512-y0m1JoUZSlPAjXVtPPW70aZWfIL/dSP7AFkRnniLCrK/8MDKog3TySTBmckD+RObVxH0v4Tox67+F14PdED2oQ==

source-map-support@^0.5.17:
  version "0.5.19"
  resolved "https://registry.npmjs.org/source-map-support/-/source-map-support-0.5.19.tgz#a98b62f86dcaf4f67399648c085291ab9e8fed61"
  integrity sha512-Wonm7zOCIJzBGQdB+thsPar0kYuCIzYvxZwlBa87yi/Mdjv7Tip2cyVbLj5o0cFPN4EVkuTwb3GDDyUx2DGnGw==
  dependencies:
    buffer-from "^1.0.0"
    source-map "^0.6.0"

source-map@^0.6.0:
  version "0.6.1"
  resolved "https://registry.npmjs.org/source-map/-/source-map-0.6.1.tgz#74722af32e9614e9c287a8d0bbde48b5e2f1a263"
  integrity sha512-UjgapumWlbMhkBgzT7Ykc5YXUT46F0iKu8SGXq0bcwP5dz/h0Plj6enJqjz1Zbq2l5WaqYnrVbwWOWMyF3F47g==

string-convert@^0.2.0:
  version "0.2.1"
  resolved "https://registry.npmjs.org/string-convert/-/string-convert-0.2.1.tgz#6982cc3049fbb4cd85f8b24568b9d9bf39eeff97"
  integrity sha1-aYLMMEn7tM2F+LJFaLnZvznu/5c=

tinycolor2@^1.4.1:
  version "1.4.2"
  resolved "https://registry.npmjs.org/tinycolor2/-/tinycolor2-1.4.2.tgz#3f6a4d1071ad07676d7fa472e1fac40a719d8803"
  integrity sha512-vJhccZPs965sV/L2sU4oRQVAos0pQXwsvTLkWYdqJ+a8Q5kPFzJTuOFwy7UniPli44NKQGAglksjvOcpo95aZA==

toggle-selection@^1.0.6:
  version "1.0.6"
  resolved "https://registry.npmjs.org/toggle-selection/-/toggle-selection-1.0.6.tgz#6e45b1263f2017fa0acc7d89d78b15b8bf77da32"
  integrity sha1-bkWxJj8gF/oKzH2J14sVuL932jI=

ts-node@^9.0.0:
  version "9.0.0"
  resolved "https://registry.npmjs.org/ts-node/-/ts-node-9.0.0.tgz#e7699d2a110cc8c0d3b831715e417688683460b3"
  integrity sha512-/TqB4SnererCDR/vb4S/QvSZvzQMJN8daAslg7MeaiHvD8rDZsSfXmNeNumyZZzMned72Xoq/isQljYSt8Ynfg==
  dependencies:
    arg "^4.1.0"
    diff "^4.0.1"
    make-error "^1.1.1"
    source-map-support "^0.5.17"
    yn "3.1.1"

typescript@^4.0.3:
  version "4.0.3"
  resolved "https://registry.npmjs.org/typescript/-/typescript-4.0.3.tgz#153bbd468ef07725c1df9c77e8b453f8d36abba5"
  integrity sha512-tEu6DGxGgRJPb/mVPIZ48e69xCn2yRmCgYmDugAVwmJ6o+0u1RI18eO7E7WBTLYLaEVVOhwQmcdhQHweux/WPg==

warning@^4.0.1, warning@^4.0.3:
  version "4.0.3"
  resolved "https://registry.npmjs.org/warning/-/warning-4.0.3.tgz#16e9e077eb8a86d6af7d64aa1e05fd85b4678ca3"
  integrity sha512-rpJyN222KWIvHJ/F53XSZv0Zl/accqHR8et1kpaMTD/fLCRxtV8iX8czMzY7sVZupTI3zcUTg8eycS2kNF9l6w==
  dependencies:
    loose-envify "^1.0.0"

yn@3.1.1:
  version "3.1.1"
  resolved "https://registry.npmjs.org/yn/-/yn-3.1.1.tgz#1e87401a09d767c1d5eab26a6e4c185182d2eb50"
  integrity sha512-Ux4ygGWsu2c7isFWe8Yu1YluJmqVhxqK2cLXNQA5AcC3QfbGNpM7fu0Y8b/z16pXLnFxZYvWhd3fhBY9DLmC6Q==
